// !$*UTF8*$!
{
	archiveVersion = 1;
	classes = {
	};
	objectVersion = 56;
	objects = {

/* Begin PBXBuildFile section */
		C43A67BC2A9D1F1C00FB69FB /* RMCharacterCollectionViewCell.swift in Sources */ = {isa = PBXBuildFile; fileRef = C43A67BB2A9D1F1C00FB69FB /* RMCharacterCollectionViewCell.swift */; };
		C43A67BE2A9D1F9100FB69FB /* UICollectionView+Extension.swift in Sources */ = {isa = PBXBuildFile; fileRef = C43A67BD2A9D1F9100FB69FB /* UICollectionView+Extension.swift */; };
		C43A67C02A9D204000FB69FB /* RMCharacterCollectionViewCellViewModel.swift in Sources */ = {isa = PBXBuildFile; fileRef = C43A67BF2A9D204000FB69FB /* RMCharacterCollectionViewCellViewModel.swift */; };
		C470CAD62AAC8F8800C9BCC1 /* HomeCoordinator.swift in Sources */ = {isa = PBXBuildFile; fileRef = C470CAD52AAC8F8800C9BCC1 /* HomeCoordinator.swift */; };
		C470CAD82AAC8FFA00C9BCC1 /* HomeFactory.swift in Sources */ = {isa = PBXBuildFile; fileRef = C470CAD72AAC8FFA00C9BCC1 /* HomeFactory.swift */; };
		C474F9C22AAA6388001E0599 /* HomeMenuViewController.swift in Sources */ = {isa = PBXBuildFile; fileRef = C474F9C12AAA6388001E0599 /* HomeMenuViewController.swift */; };
		C48D449B2AAB9D4700C5E13A /* Coordinator.swift in Sources */ = {isa = PBXBuildFile; fileRef = C48D449A2AAB9D4700C5E13A /* Coordinator.swift */; };
		C48D449E2AAB9DC100C5E13A /* AppCoordinator.swift in Sources */ = {isa = PBXBuildFile; fileRef = C48D449D2AAB9DC100C5E13A /* AppCoordinator.swift */; };
		C48D44A02AAB9E2200C5E13A /* AppFactory.swift in Sources */ = {isa = PBXBuildFile; fileRef = C48D449F2AAB9E2200C5E13A /* AppFactory.swift */; };
		C4B4652A2A9BBC1B00DECA67 /* RMCharacterListViewViewModel.swift in Sources */ = {isa = PBXBuildFile; fileRef = C4B465292A9BBC1B00DECA67 /* RMCharacterListViewViewModel.swift */; };
		C4B4652C2A9BBCCD00DECA67 /* RMCharacterListView.swift in Sources */ = {isa = PBXBuildFile; fileRef = C4B4652B2A9BBCCD00DECA67 /* RMCharacterListView.swift */; };
		C4B465312A9BC30E00DECA67 /* UIView+Extension.swift in Sources */ = {isa = PBXBuildFile; fileRef = C4B465302A9BC30E00DECA67 /* UIView+Extension.swift */; };
		C4CC4C692A953F1700E705E4 /* AppDelegate.swift in Sources */ = {isa = PBXBuildFile; fileRef = C4CC4C682A953F1700E705E4 /* AppDelegate.swift */; };
		C4CC4C6B2A953F1700E705E4 /* SceneDelegate.swift in Sources */ = {isa = PBXBuildFile; fileRef = C4CC4C6A2A953F1700E705E4 /* SceneDelegate.swift */; };
		C4CC4C6D2A953F1700E705E4 /* RMTabBarViewController.swift in Sources */ = {isa = PBXBuildFile; fileRef = C4CC4C6C2A953F1700E705E4 /* RMTabBarViewController.swift */; };
		C4CC4C722A953F1900E705E4 /* Assets.xcassets in Resources */ = {isa = PBXBuildFile; fileRef = C4CC4C712A953F1900E705E4 /* Assets.xcassets */; };
		C4CC4C752A953F1900E705E4 /* LaunchScreen.storyboard in Resources */ = {isa = PBXBuildFile; fileRef = C4CC4C732A953F1900E705E4 /* LaunchScreen.storyboard */; };
		C4CC4C842A95444500E705E4 /* RMLocation.swift in Sources */ = {isa = PBXBuildFile; fileRef = C4CC4C832A95444500E705E4 /* RMLocation.swift */; };
		C4CC4C862A95446B00E705E4 /* RMCharacter.swift in Sources */ = {isa = PBXBuildFile; fileRef = C4CC4C852A95446B00E705E4 /* RMCharacter.swift */; };
		C4CC4C882A95448600E705E4 /* RMEpisode.swift in Sources */ = {isa = PBXBuildFile; fileRef = C4CC4C872A95448600E705E4 /* RMEpisode.swift */; };
		C4CC4C8D2A95458300E705E4 /* RMCharacterViewController.swift in Sources */ = {isa = PBXBuildFile; fileRef = C4CC4C8C2A95458300E705E4 /* RMCharacterViewController.swift */; };
		C4CC4C8F2A9545CA00E705E4 /* RMLocationViewController.swift in Sources */ = {isa = PBXBuildFile; fileRef = C4CC4C8E2A9545CA00E705E4 /* RMLocationViewController.swift */; };
		C4CC4C912A9545DE00E705E4 /* RMEpisodeViewController.swift in Sources */ = {isa = PBXBuildFile; fileRef = C4CC4C902A9545DE00E705E4 /* RMEpisodeViewController.swift */; };
		C4CC4C932A9545F200E705E4 /* RMSettingsViewController.swift in Sources */ = {isa = PBXBuildFile; fileRef = C4CC4C922A9545F200E705E4 /* RMSettingsViewController.swift */; };
		C4CC4C962A96881F00E705E4 /* RMService.swift in Sources */ = {isa = PBXBuildFile; fileRef = C4CC4C952A96881F00E705E4 /* RMService.swift */; };
		C4CC4C982A96885300E705E4 /* RMRequest.swift in Sources */ = {isa = PBXBuildFile; fileRef = C4CC4C972A96885300E705E4 /* RMRequest.swift */; };
		C4CC4C9A2A96897400E705E4 /* RMEndpoint.swift in Sources */ = {isa = PBXBuildFile; fileRef = C4CC4C992A96897400E705E4 /* RMEndpoint.swift */; };
		C4CC4C9C2A968F2A00E705E4 /* RMOrigin.swift in Sources */ = {isa = PBXBuildFile; fileRef = C4CC4C9B2A968F2A00E705E4 /* RMOrigin.swift */; };
		C4CC4C9E2A968FC600E705E4 /* RMSingleLocation.swift in Sources */ = {isa = PBXBuildFile; fileRef = C4CC4C9D2A968FC600E705E4 /* RMSingleLocation.swift */; };
		C4CC4CA02A96910500E705E4 /* RMCharacterStatus.swift in Sources */ = {isa = PBXBuildFile; fileRef = C4CC4C9F2A96910500E705E4 /* RMCharacterStatus.swift */; };
		C4CC4CA22A96915700E705E4 /* RMCharracterGender.swift in Sources */ = {isa = PBXBuildFile; fileRef = C4CC4CA12A96915700E705E4 /* RMCharracterGender.swift */; };
		C4CF95AF2A9A7969008786CB /* RMGetAllCharactersResponse.swift in Sources */ = {isa = PBXBuildFile; fileRef = C4CF95AE2A9A7969008786CB /* RMGetAllCharactersResponse.swift */; };
/* End PBXBuildFile section */

/* Begin PBXFileReference section */
		C43A67BB2A9D1F1C00FB69FB /* RMCharacterCollectionViewCell.swift */ = {isa = PBXFileReference; lastKnownFileType = sourcecode.swift; path = RMCharacterCollectionViewCell.swift; sourceTree = "<group>"; };
		C43A67BD2A9D1F9100FB69FB /* UICollectionView+Extension.swift */ = {isa = PBXFileReference; lastKnownFileType = sourcecode.swift; path = "UICollectionView+Extension.swift"; sourceTree = "<group>"; };
		C43A67BF2A9D204000FB69FB /* RMCharacterCollectionViewCellViewModel.swift */ = {isa = PBXFileReference; lastKnownFileType = sourcecode.swift; path = RMCharacterCollectionViewCellViewModel.swift; sourceTree = "<group>"; };
		C470CAD52AAC8F8800C9BCC1 /* HomeCoordinator.swift */ = {isa = PBXFileReference; lastKnownFileType = sourcecode.swift; path = HomeCoordinator.swift; sourceTree = "<group>"; };
		C470CAD72AAC8FFA00C9BCC1 /* HomeFactory.swift */ = {isa = PBXFileReference; lastKnownFileType = sourcecode.swift; path = HomeFactory.swift; sourceTree = "<group>"; };
		C474F9C12AAA6388001E0599 /* HomeMenuViewController.swift */ = {isa = PBXFileReference; lastKnownFileType = sourcecode.swift; path = HomeMenuViewController.swift; sourceTree = "<group>"; };
		C48D449A2AAB9D4700C5E13A /* Coordinator.swift */ = {isa = PBXFileReference; lastKnownFileType = sourcecode.swift; path = Coordinator.swift; sourceTree = "<group>"; };
		C48D449D2AAB9DC100C5E13A /* AppCoordinator.swift */ = {isa = PBXFileReference; lastKnownFileType = sourcecode.swift; path = AppCoordinator.swift; sourceTree = "<group>"; };
		C48D449F2AAB9E2200C5E13A /* AppFactory.swift */ = {isa = PBXFileReference; lastKnownFileType = sourcecode.swift; path = AppFactory.swift; sourceTree = "<group>"; };
		C4B465292A9BBC1B00DECA67 /* RMCharacterListViewViewModel.swift */ = {isa = PBXFileReference; lastKnownFileType = sourcecode.swift; path = RMCharacterListViewViewModel.swift; sourceTree = "<group>"; };
		C4B4652B2A9BBCCD00DECA67 /* RMCharacterListView.swift */ = {isa = PBXFileReference; lastKnownFileType = sourcecode.swift; path = RMCharacterListView.swift; sourceTree = "<group>"; };
		C4B465302A9BC30E00DECA67 /* UIView+Extension.swift */ = {isa = PBXFileReference; lastKnownFileType = sourcecode.swift; path = "UIView+Extension.swift"; sourceTree = "<group>"; };
		C4CC4C652A953F1700E705E4 /* RickAndMorty.app */ = {isa = PBXFileReference; explicitFileType = wrapper.application; includeInIndex = 0; path = RickAndMorty.app; sourceTree = BUILT_PRODUCTS_DIR; };
		C4CC4C682A953F1700E705E4 /* AppDelegate.swift */ = {isa = PBXFileReference; lastKnownFileType = sourcecode.swift; path = AppDelegate.swift; sourceTree = "<group>"; };
		C4CC4C6A2A953F1700E705E4 /* SceneDelegate.swift */ = {isa = PBXFileReference; lastKnownFileType = sourcecode.swift; path = SceneDelegate.swift; sourceTree = "<group>"; };
		C4CC4C6C2A953F1700E705E4 /* RMTabBarViewController.swift */ = {isa = PBXFileReference; lastKnownFileType = sourcecode.swift; path = RMTabBarViewController.swift; sourceTree = "<group>"; };
		C4CC4C712A953F1900E705E4 /* Assets.xcassets */ = {isa = PBXFileReference; lastKnownFileType = folder.assetcatalog; path = Assets.xcassets; sourceTree = "<group>"; };
		C4CC4C742A953F1900E705E4 /* Base */ = {isa = PBXFileReference; lastKnownFileType = file.storyboard; name = Base; path = Base.lproj/LaunchScreen.storyboard; sourceTree = "<group>"; };
		C4CC4C762A953F1900E705E4 /* Info.plist */ = {isa = PBXFileReference; lastKnownFileType = text.plist.xml; path = Info.plist; sourceTree = "<group>"; };
		C4CC4C832A95444500E705E4 /* RMLocation.swift */ = {isa = PBXFileReference; lastKnownFileType = sourcecode.swift; path = RMLocation.swift; sourceTree = "<group>"; };
		C4CC4C852A95446B00E705E4 /* RMCharacter.swift */ = {isa = PBXFileReference; lastKnownFileType = sourcecode.swift; path = RMCharacter.swift; sourceTree = "<group>"; };
		C4CC4C872A95448600E705E4 /* RMEpisode.swift */ = {isa = PBXFileReference; lastKnownFileType = sourcecode.swift; path = RMEpisode.swift; sourceTree = "<group>"; };
		C4CC4C8C2A95458300E705E4 /* RMCharacterViewController.swift */ = {isa = PBXFileReference; lastKnownFileType = sourcecode.swift; path = RMCharacterViewController.swift; sourceTree = "<group>"; };
		C4CC4C8E2A9545CA00E705E4 /* RMLocationViewController.swift */ = {isa = PBXFileReference; lastKnownFileType = sourcecode.swift; path = RMLocationViewController.swift; sourceTree = "<group>"; };
		C4CC4C902A9545DE00E705E4 /* RMEpisodeViewController.swift */ = {isa = PBXFileReference; lastKnownFileType = sourcecode.swift; path = RMEpisodeViewController.swift; sourceTree = "<group>"; };
		C4CC4C922A9545F200E705E4 /* RMSettingsViewController.swift */ = {isa = PBXFileReference; lastKnownFileType = sourcecode.swift; path = RMSettingsViewController.swift; sourceTree = "<group>"; };
		C4CC4C952A96881F00E705E4 /* RMService.swift */ = {isa = PBXFileReference; lastKnownFileType = sourcecode.swift; path = RMService.swift; sourceTree = "<group>"; };
		C4CC4C972A96885300E705E4 /* RMRequest.swift */ = {isa = PBXFileReference; lastKnownFileType = sourcecode.swift; path = RMRequest.swift; sourceTree = "<group>"; };
		C4CC4C992A96897400E705E4 /* RMEndpoint.swift */ = {isa = PBXFileReference; lastKnownFileType = sourcecode.swift; path = RMEndpoint.swift; sourceTree = "<group>"; };
		C4CC4C9B2A968F2A00E705E4 /* RMOrigin.swift */ = {isa = PBXFileReference; lastKnownFileType = sourcecode.swift; path = RMOrigin.swift; sourceTree = "<group>"; };
		C4CC4C9D2A968FC600E705E4 /* RMSingleLocation.swift */ = {isa = PBXFileReference; lastKnownFileType = sourcecode.swift; path = RMSingleLocation.swift; sourceTree = "<group>"; };
		C4CC4C9F2A96910500E705E4 /* RMCharacterStatus.swift */ = {isa = PBXFileReference; lastKnownFileType = sourcecode.swift; path = RMCharacterStatus.swift; sourceTree = "<group>"; };
		C4CC4CA12A96915700E705E4 /* RMCharracterGender.swift */ = {isa = PBXFileReference; lastKnownFileType = sourcecode.swift; path = RMCharracterGender.swift; sourceTree = "<group>"; };
		C4CF95AE2A9A7969008786CB /* RMGetAllCharactersResponse.swift */ = {isa = PBXFileReference; lastKnownFileType = sourcecode.swift; path = RMGetAllCharactersResponse.swift; sourceTree = "<group>"; };
/* End PBXFileReference section */

/* Begin PBXFrameworksBuildPhase section */
		C4CC4C622A953F1700E705E4 /* Frameworks */ = {
			isa = PBXFrameworksBuildPhase;
			buildActionMask = 2147483647;
			files = (
			);
			runOnlyForDeploymentPostprocessing = 0;
		};
/* End PBXFrameworksBuildPhase section */

/* Begin PBXGroup section */
		C43A67B92A9D1EBD00FB69FB /* Cell */ = {
			isa = PBXGroup;
			children = (
				C43A67BA2A9D1ED400FB69FB /* CollectionViewCell */,
			);
			path = Cell;
			sourceTree = "<group>";
		};
		C43A67BA2A9D1ED400FB69FB /* CollectionViewCell */ = {
			isa = PBXGroup;
			children = (
				C43A67BB2A9D1F1C00FB69FB /* RMCharacterCollectionViewCell.swift */,
			);
			path = CollectionViewCell;
			sourceTree = "<group>";
		};
		C474F9962AAA53A9001E0599 /* App */ = {
			isa = PBXGroup;
			children = (
				C474F99C2AAA5409001E0599 /* Storage */,
				C474F99B2AAA53FC001E0599 /* Resources */,
				C474F99A2AAA53E3001E0599 /* Networking */,
				C474F9992AAA53D8001E0599 /* Common */,
				C474F9AC2AAA608F001E0599 /* ScreenModules */,
				C474F9972AAA53B1001E0599 /* CompositionRoot */,
			);
			path = App;
			sourceTree = "<group>";
		};
		C474F9972AAA53B1001E0599 /* CompositionRoot */ = {
			isa = PBXGroup;
			children = (
				C474F9C32AAA63C4001E0599 /* System */,
				C474F9B82AAA623E001E0599 /* DIContainer */,
				C474F9B72AAA6221001E0599 /* Factories */,
				C474F9B42AAA61D2001E0599 /* Coordinator */,
			);
			path = CompositionRoot;
			sourceTree = "<group>";
		};
		C474F9992AAA53D8001E0599 /* Common */ = {
			isa = PBXGroup;
			children = (
				C474F9B32AAA617C001E0599 /* Localize */,
				C474F9B22AAA615F001E0599 /* StateController */,
				C474F9B12AAA6133001E0599 /* Utils */,
				C474F9AD2AAA60B6001E0599 /* Layer */,
				C474F9AA2AAA605E001E0599 /* Constant */,
				C474F9A92AAA6041001E0599 /* Extension */,
			);
			path = Common;
			sourceTree = "<group>";
		};
		C474F99A2AAA53E3001E0599 /* Networking */ = {
			isa = PBXGroup;
			children = (
			);
			path = Networking;
			sourceTree = "<group>";
		};
		C474F99B2AAA53FC001E0599 /* Resources */ = {
			isa = PBXGroup;
			children = (
				C4CC4C712A953F1900E705E4 /* Assets.xcassets */,
			);
			path = Resources;
			sourceTree = "<group>";
		};
		C474F99C2AAA5409001E0599 /* Storage */ = {
			isa = PBXGroup;
			children = (
			);
			path = Storage;
			sourceTree = "<group>";
		};
		C474F9A92AAA6041001E0599 /* Extension */ = {
			isa = PBXGroup;
			children = (
			);
			path = Extension;
			sourceTree = "<group>";
		};
		C474F9AA2AAA605E001E0599 /* Constant */ = {
			isa = PBXGroup;
			children = (
			);
			path = Constant;
			sourceTree = "<group>";
		};
		C474F9AB2AAA6078001E0599 /* Components */ = {
			isa = PBXGroup;
			children = (
			);
			path = Components;
			sourceTree = "<group>";
		};
		C474F9AC2AAA608F001E0599 /* ScreenModules */ = {
			isa = PBXGroup;
			children = (
				C474F9C02AAA62FF001E0599 /* LaunchScreen */,
				C474F9BF2AAA62E6001E0599 /* LocationDetail */,
				C474F9BE2AAA62D8001E0599 /* Origin */,
				C474F9BD2AAA62CB001E0599 /* Episodes */,
				C474F9BC2AAA62BF001E0599 /* Location */,
				C474F9BB2AAA62AB001E0599 /* CharacterDetail */,
				C474F9BA2AAA629A001E0599 /* Characters */,
				C474F9B92AAA628F001E0599 /* HomeMenu */,
			);
			path = ScreenModules;
			sourceTree = "<group>";
		};
		C474F9AD2AAA60B6001E0599 /* Layer */ = {
			isa = PBXGroup;
			children = (
				C474F9B02AAA6106001E0599 /* Presentation */,
				C474F9AF2AAA60F1001E0599 /* Domain */,
				C474F9AE2AAA60E6001E0599 /* Data */,
			);
			path = Layer;
			sourceTree = "<group>";
		};
		C474F9AE2AAA60E6001E0599 /* Data */ = {
			isa = PBXGroup;
			children = (
			);
			path = Data;
			sourceTree = "<group>";
		};
		C474F9AF2AAA60F1001E0599 /* Domain */ = {
			isa = PBXGroup;
			children = (
			);
			path = Domain;
			sourceTree = "<group>";
		};
		C474F9B02AAA6106001E0599 /* Presentation */ = {
			isa = PBXGroup;
			children = (
				C474F9AB2AAA6078001E0599 /* Components */,
			);
			path = Presentation;
			sourceTree = "<group>";
		};
		C474F9B12AAA6133001E0599 /* Utils */ = {
			isa = PBXGroup;
			children = (
			);
			path = Utils;
			sourceTree = "<group>";
		};
		C474F9B22AAA615F001E0599 /* StateController */ = {
			isa = PBXGroup;
			children = (
			);
			path = StateController;
			sourceTree = "<group>";
		};
		C474F9B32AAA617C001E0599 /* Localize */ = {
			isa = PBXGroup;
			children = (
			);
			path = Localize;
			sourceTree = "<group>";
		};
		C474F9B42AAA61D2001E0599 /* Coordinator */ = {
			isa = PBXGroup;
			children = (
				C48D449C2AAB9D9D00C5E13A /* AppCoordinator */,
				C474F9B62AAA6203001E0599 /* CoordinatorScreans */,
				C474F9B52AAA61EC001E0599 /* Utils */,
			);
			path = Coordinator;
			sourceTree = "<group>";
		};
		C474F9B52AAA61EC001E0599 /* Utils */ = {
			isa = PBXGroup;
			children = (
			);
			path = Utils;
			sourceTree = "<group>";
		};
		C474F9B62AAA6203001E0599 /* CoordinatorScreans */ = {
			isa = PBXGroup;
			children = (
				C470CAD52AAC8F8800C9BCC1 /* HomeCoordinator.swift */,
			);
			path = CoordinatorScreans;
			sourceTree = "<group>";
		};
		C474F9B72AAA6221001E0599 /* Factories */ = {
			isa = PBXGroup;
			children = (
				C48D449F2AAB9E2200C5E13A /* AppFactory.swift */,
				C470CAD72AAC8FFA00C9BCC1 /* HomeFactory.swift */,
			);
			path = Factories;
			sourceTree = "<group>";
		};
		C474F9B82AAA623E001E0599 /* DIContainer */ = {
			isa = PBXGroup;
			children = (
			);
			path = DIContainer;
			sourceTree = "<group>";
		};
		C474F9B92AAA628F001E0599 /* HomeMenu */ = {
			isa = PBXGroup;
			children = (
				C474F9C12AAA6388001E0599 /* HomeMenuViewController.swift */,
			);
			path = HomeMenu;
			sourceTree = "<group>";
		};
		C474F9BA2AAA629A001E0599 /* Characters */ = {
			isa = PBXGroup;
			children = (
			);
			path = Characters;
			sourceTree = "<group>";
		};
		C474F9BB2AAA62AB001E0599 /* CharacterDetail */ = {
			isa = PBXGroup;
			children = (
			);
			path = CharacterDetail;
			sourceTree = "<group>";
		};
		C474F9BC2AAA62BF001E0599 /* Location */ = {
			isa = PBXGroup;
			children = (
			);
			path = Location;
			sourceTree = "<group>";
		};
		C474F9BD2AAA62CB001E0599 /* Episodes */ = {
			isa = PBXGroup;
			children = (
			);
			path = Episodes;
			sourceTree = "<group>";
		};
		C474F9BE2AAA62D8001E0599 /* Origin */ = {
			isa = PBXGroup;
			children = (
			);
			path = Origin;
			sourceTree = "<group>";
		};
		C474F9BF2AAA62E6001E0599 /* LocationDetail */ = {
			isa = PBXGroup;
			children = (
			);
			path = LocationDetail;
			sourceTree = "<group>";
		};
		C474F9C02AAA62FF001E0599 /* LaunchScreen */ = {
			isa = PBXGroup;
			children = (
				C4CC4C732A953F1900E705E4 /* LaunchScreen.storyboard */,
			);
			path = LaunchScreen;
			sourceTree = "<group>";
		};
		C474F9C32AAA63C4001E0599 /* System */ = {
			isa = PBXGroup;
			children = (
				C4CC4C682A953F1700E705E4 /* AppDelegate.swift */,
				C4CC4C6A2A953F1700E705E4 /* SceneDelegate.swift */,
			);
			path = System;
			sourceTree = "<group>";
		};
		C48D449C2AAB9D9D00C5E13A /* AppCoordinator */ = {
			isa = PBXGroup;
			children = (
				C48D449A2AAB9D4700C5E13A /* Coordinator.swift */,
				C48D449D2AAB9DC100C5E13A /* AppCoordinator.swift */,
			);
			path = AppCoordinator;
			sourceTree = "<group>";
		};
		C4B4652D2A9BC2AF00DECA67 /* Extensions */ = {
			isa = PBXGroup;
			children = (
				C4B4652E2A9BC2BC00DECA67 /* Foundation */,
				C4B4652F2A9BC2CF00DECA67 /* UIKit */,
			);
			path = Extensions;
			sourceTree = "<group>";
		};
		C4B4652E2A9BC2BC00DECA67 /* Foundation */ = {
			isa = PBXGroup;
			children = (
			);
			path = Foundation;
			sourceTree = "<group>";
		};
		C4B4652F2A9BC2CF00DECA67 /* UIKit */ = {
			isa = PBXGroup;
			children = (
				C4B465302A9BC30E00DECA67 /* UIView+Extension.swift */,
				C43A67BD2A9D1F9100FB69FB /* UICollectionView+Extension.swift */,
			);
			path = UIKit;
			sourceTree = "<group>";
		};
		C4CC4C5C2A953F1700E705E4 = {
			isa = PBXGroup;
			children = (
				C4CC4C672A953F1700E705E4 /* RickAndMorty */,
				C4CC4C662A953F1700E705E4 /* Products */,
			);
			sourceTree = "<group>";
		};
		C4CC4C662A953F1700E705E4 /* Products */ = {
			isa = PBXGroup;
			children = (
				C4CC4C652A953F1700E705E4 /* RickAndMorty.app */,
			);
			name = Products;
			sourceTree = "<group>";
		};
		C4CC4C672A953F1700E705E4 /* RickAndMorty */ = {
			isa = PBXGroup;
			children = (
				C474F9962AAA53A9001E0599 /* App */,
				C4B4652D2A9BC2AF00DECA67 /* Extensions */,
				C4CC4C822A95425D00E705E4 /* Resources */,
				C4CC4C812A95424200E705E4 /* APIClient */,
				C4CC4C802A95421B00E705E4 /* Managers */,
				C4CC4C7F2A95420000E705E4 /* ViewModels */,
				C4CC4C7E2A9541F800E705E4 /* Views */,
				C4CC4C7D2A9541E300E705E4 /* Models */,
				C4CC4C7C2A9541CE00E705E4 /* Controllers */,
				C4CC4C762A953F1900E705E4 /* Info.plist */,
			);
			path = RickAndMorty;
			sourceTree = "<group>";
		};
		C4CC4C7C2A9541CE00E705E4 /* Controllers */ = {
			isa = PBXGroup;
			children = (
				C4CC4C892A95451900E705E4 /* Core */,
			);
			path = Controllers;
			sourceTree = "<group>";
		};
		C4CC4C7D2A9541E300E705E4 /* Models */ = {
			isa = PBXGroup;
			children = (
				C4CF95AD2A9A7919008786CB /* APIResposeTypes */,
				C4CF95AC2A9A78E5008786CB /* DataTypes */,
			);
			path = Models;
			sourceTree = "<group>";
		};
		C4CC4C7E2A9541F800E705E4 /* Views */ = {
			isa = PBXGroup;
			children = (
				C4B4652B2A9BBCCD00DECA67 /* RMCharacterListView.swift */,
				C43A67B92A9D1EBD00FB69FB /* Cell */,
			);
			path = Views;
			sourceTree = "<group>";
		};
		C4CC4C7F2A95420000E705E4 /* ViewModels */ = {
			isa = PBXGroup;
			children = (
				C4B465292A9BBC1B00DECA67 /* RMCharacterListViewViewModel.swift */,
				C43A67BF2A9D204000FB69FB /* RMCharacterCollectionViewCellViewModel.swift */,
			);
			path = ViewModels;
			sourceTree = "<group>";
		};
		C4CC4C802A95421B00E705E4 /* Managers */ = {
			isa = PBXGroup;
			children = (
			);
			path = Managers;
			sourceTree = "<group>";
		};
		C4CC4C812A95424200E705E4 /* APIClient */ = {
			isa = PBXGroup;
			children = (
				C4CC4C952A96881F00E705E4 /* RMService.swift */,
				C4CC4C972A96885300E705E4 /* RMRequest.swift */,
				C4CC4C992A96897400E705E4 /* RMEndpoint.swift */,
			);
			path = APIClient;
			sourceTree = "<group>";
		};
		C4CC4C822A95425D00E705E4 /* Resources */ = {
			isa = PBXGroup;
			children = (
			);
			path = Resources;
			sourceTree = "<group>";
		};
		C4CC4C892A95451900E705E4 /* Core */ = {
			isa = PBXGroup;
			children = (
				C4CC4C6C2A953F1700E705E4 /* RMTabBarViewController.swift */,
				C4CC4C8C2A95458300E705E4 /* RMCharacterViewController.swift */,
				C4CC4C8E2A9545CA00E705E4 /* RMLocationViewController.swift */,
				C4CC4C902A9545DE00E705E4 /* RMEpisodeViewController.swift */,
				C4CC4C922A9545F200E705E4 /* RMSettingsViewController.swift */,
			);
			path = Core;
			sourceTree = "<group>";
		};
		C4CF95AC2A9A78E5008786CB /* DataTypes */ = {
			isa = PBXGroup;
			children = (
				C4CC4C832A95444500E705E4 /* RMLocation.swift */,
				C4CC4C852A95446B00E705E4 /* RMCharacter.swift */,
				C4CC4C872A95448600E705E4 /* RMEpisode.swift */,
				C4CC4C9B2A968F2A00E705E4 /* RMOrigin.swift */,
				C4CC4C9D2A968FC600E705E4 /* RMSingleLocation.swift */,
				C4CC4C9F2A96910500E705E4 /* RMCharacterStatus.swift */,
				C4CC4CA12A96915700E705E4 /* RMCharracterGender.swift */,
			);
			path = DataTypes;
			sourceTree = "<group>";
		};
		C4CF95AD2A9A7919008786CB /* APIResposeTypes */ = {
			isa = PBXGroup;
			children = (
				C4CF95AE2A9A7969008786CB /* RMGetAllCharactersResponse.swift */,
			);
			path = APIResposeTypes;
			sourceTree = "<group>";
		};
/* End PBXGroup section */

/* Begin PBXNativeTarget section */
		C4CC4C642A953F1700E705E4 /* RickAndMorty */ = {
			isa = PBXNativeTarget;
			buildConfigurationList = C4CC4C792A953F1900E705E4 /* Build configuration list for PBXNativeTarget "RickAndMorty" */;
			buildPhases = (
				C4CC4C612A953F1700E705E4 /* Sources */,
				C4CC4C622A953F1700E705E4 /* Frameworks */,
				C4CC4C632A953F1700E705E4 /* Resources */,
			);
			buildRules = (
			);
			dependencies = (
			);
			name = RickAndMorty;
			productName = RickAndMorty;
			productReference = C4CC4C652A953F1700E705E4 /* RickAndMorty.app */;
			productType = "com.apple.product-type.application";
		};
/* End PBXNativeTarget section */

/* Begin PBXProject section */
		C4CC4C5D2A953F1700E705E4 /* Project object */ = {
			isa = PBXProject;
			attributes = {
				BuildIndependentTargetsInParallel = 1;
				LastSwiftUpdateCheck = 1410;
				LastUpgradeCheck = 1410;
				TargetAttributes = {
					C4CC4C642A953F1700E705E4 = {
						CreatedOnToolsVersion = 14.1;
					};
				};
			};
			buildConfigurationList = C4CC4C602A953F1700E705E4 /* Build configuration list for PBXProject "RickAndMorty" */;
			compatibilityVersion = "Xcode 14.0";
			developmentRegion = en;
			hasScannedForEncodings = 0;
			knownRegions = (
				en,
				Base,
			);
			mainGroup = C4CC4C5C2A953F1700E705E4;
			productRefGroup = C4CC4C662A953F1700E705E4 /* Products */;
			projectDirPath = "";
			projectRoot = "";
			targets = (
				C4CC4C642A953F1700E705E4 /* RickAndMorty */,
			);
		};
/* End PBXProject section */

/* Begin PBXResourcesBuildPhase section */
		C4CC4C632A953F1700E705E4 /* Resources */ = {
			isa = PBXResourcesBuildPhase;
			buildActionMask = 2147483647;
			files = (
				C4CC4C752A953F1900E705E4 /* LaunchScreen.storyboard in Resources */,
				C4CC4C722A953F1900E705E4 /* Assets.xcassets in Resources */,
			);
			runOnlyForDeploymentPostprocessing = 0;
		};
/* End PBXResourcesBuildPhase section */

/* Begin PBXSourcesBuildPhase section */
		C4CC4C612A953F1700E705E4 /* Sources */ = {
			isa = PBXSourcesBuildPhase;
			buildActionMask = 2147483647;
			files = (
				C4CC4C9C2A968F2A00E705E4 /* RMOrigin.swift in Sources */,
				C4CC4C9E2A968FC600E705E4 /* RMSingleLocation.swift in Sources */,
				C48D449B2AAB9D4700C5E13A /* Coordinator.swift in Sources */,
				C4CF95AF2A9A7969008786CB /* RMGetAllCharactersResponse.swift in Sources */,
				C470CAD62AAC8F8800C9BCC1 /* HomeCoordinator.swift in Sources */,
				C4B4652A2A9BBC1B00DECA67 /* RMCharacterListViewViewModel.swift in Sources */,
				C4CC4CA02A96910500E705E4 /* RMCharacterStatus.swift in Sources */,
				C48D449E2AAB9DC100C5E13A /* AppCoordinator.swift in Sources */,
				C4CC4C8F2A9545CA00E705E4 /* RMLocationViewController.swift in Sources */,
				C4CC4C882A95448600E705E4 /* RMEpisode.swift in Sources */,
				C4CC4C6D2A953F1700E705E4 /* RMTabBarViewController.swift in Sources */,
				C470CAD82AAC8FFA00C9BCC1 /* HomeFactory.swift in Sources */,
				C4CC4C912A9545DE00E705E4 /* RMEpisodeViewController.swift in Sources */,
				C43A67BE2A9D1F9100FB69FB /* UICollectionView+Extension.swift in Sources */,
				C48D44A02AAB9E2200C5E13A /* AppFactory.swift in Sources */,
				C43A67BC2A9D1F1C00FB69FB /* RMCharacterCollectionViewCell.swift in Sources */,
				C4CC4C692A953F1700E705E4 /* AppDelegate.swift in Sources */,
				C4CC4C6B2A953F1700E705E4 /* SceneDelegate.swift in Sources */,
				C4CC4C932A9545F200E705E4 /* RMSettingsViewController.swift in Sources */,
				C474F9C22AAA6388001E0599 /* HomeMenuViewController.swift in Sources */,
				C4CC4C962A96881F00E705E4 /* RMService.swift in Sources */,
				C4CC4C842A95444500E705E4 /* RMLocation.swift in Sources */,
				C4CC4C9A2A96897400E705E4 /* RMEndpoint.swift in Sources */,
				C4B4652C2A9BBCCD00DECA67 /* RMCharacterListView.swift in Sources */,
				C4CC4C862A95446B00E705E4 /* RMCharacter.swift in Sources */,
				C4CC4C982A96885300E705E4 /* RMRequest.swift in Sources */,
				C4CC4C8D2A95458300E705E4 /* RMCharacterViewController.swift in Sources */,
				C4CC4CA22A96915700E705E4 /* RMCharracterGender.swift in Sources */,
				C43A67C02A9D204000FB69FB /* RMCharacterCollectionViewCellViewModel.swift in Sources */,
				C4B465312A9BC30E00DECA67 /* UIView+Extension.swift in Sources */,
			);
			runOnlyForDeploymentPostprocessing = 0;
		};
/* End PBXSourcesBuildPhase section */

/* Begin PBXVariantGroup section */
		C4CC4C732A953F1900E705E4 /* LaunchScreen.storyboard */ = {
			isa = PBXVariantGroup;
			children = (
				C4CC4C742A953F1900E705E4 /* Base */,
			);
			name = LaunchScreen.storyboard;
			sourceTree = "<group>";
		};
/* End PBXVariantGroup section */

/* Begin XCBuildConfiguration section */
		C4CC4C772A953F1900E705E4 /* Debug */ = {
			isa = XCBuildConfiguration;
			buildSettings = {
				ALWAYS_SEARCH_USER_PATHS = NO;
				CLANG_ANALYZER_NONNULL = YES;
				CLANG_ANALYZER_NUMBER_OBJECT_CONVERSION = YES_AGGRESSIVE;
				CLANG_CXX_LANGUAGE_STANDARD = "gnu++20";
				CLANG_ENABLE_MODULES = YES;
				CLANG_ENABLE_OBJC_ARC = YES;
				CLANG_ENABLE_OBJC_WEAK = YES;
				CLANG_WARN_BLOCK_CAPTURE_AUTORELEASING = YES;
				CLANG_WARN_BOOL_CONVERSION = YES;
				CLANG_WARN_COMMA = YES;
				CLANG_WARN_CONSTANT_CONVERSION = YES;
				CLANG_WARN_DEPRECATED_OBJC_IMPLEMENTATIONS = YES;
				CLANG_WARN_DIRECT_OBJC_ISA_USAGE = YES_ERROR;
				CLANG_WARN_DOCUMENTATION_COMMENTS = YES;
				CLANG_WARN_EMPTY_BODY = YES;
				CLANG_WARN_ENUM_CONVERSION = YES;
				CLANG_WARN_INFINITE_RECURSION = YES;
				CLANG_WARN_INT_CONVERSION = YES;
				CLANG_WARN_NON_LITERAL_NULL_CONVERSION = YES;
				CLANG_WARN_OBJC_IMPLICIT_RETAIN_SELF = YES;
				CLANG_WARN_OBJC_LITERAL_CONVERSION = YES;
				CLANG_WARN_OBJC_ROOT_CLASS = YES_ERROR;
				CLANG_WARN_QUOTED_INCLUDE_IN_FRAMEWORK_HEADER = YES;
				CLANG_WARN_RANGE_LOOP_ANALYSIS = YES;
				CLANG_WARN_STRICT_PROTOTYPES = YES;
				CLANG_WARN_SUSPICIOUS_MOVE = YES;
				CLANG_WARN_UNGUARDED_AVAILABILITY = YES_AGGRESSIVE;
				CLANG_WARN_UNREACHABLE_CODE = YES;
				CLANG_WARN__DUPLICATE_METHOD_MATCH = YES;
				COPY_PHASE_STRIP = NO;
				DEBUG_INFORMATION_FORMAT = dwarf;
				ENABLE_STRICT_OBJC_MSGSEND = YES;
				ENABLE_TESTABILITY = YES;
				GCC_C_LANGUAGE_STANDARD = gnu11;
				GCC_DYNAMIC_NO_PIC = NO;
				GCC_NO_COMMON_BLOCKS = YES;
				GCC_OPTIMIZATION_LEVEL = 0;
				GCC_PREPROCESSOR_DEFINITIONS = (
					"DEBUG=1",
					"$(inherited)",
				);
				GCC_WARN_64_TO_32_BIT_CONVERSION = YES;
				GCC_WARN_ABOUT_RETURN_TYPE = YES_ERROR;
				GCC_WARN_UNDECLARED_SELECTOR = YES;
				GCC_WARN_UNINITIALIZED_AUTOS = YES_AGGRESSIVE;
				GCC_WARN_UNUSED_FUNCTION = YES;
				GCC_WARN_UNUSED_VARIABLE = YES;
				IPHONEOS_DEPLOYMENT_TARGET = 13.0;
				MTL_ENABLE_DEBUG_INFO = INCLUDE_SOURCE;
				MTL_FAST_MATH = YES;
				ONLY_ACTIVE_ARCH = YES;
				SDKROOT = iphoneos;
				SWIFT_ACTIVE_COMPILATION_CONDITIONS = DEBUG;
				SWIFT_OPTIMIZATION_LEVEL = "-Onone";
			};
			name = Debug;
		};
		C4CC4C782A953F1900E705E4 /* Release */ = {
			isa = XCBuildConfiguration;
			buildSettings = {
				ALWAYS_SEARCH_USER_PATHS = NO;
				CLANG_ANALYZER_NONNULL = YES;
				CLANG_ANALYZER_NUMBER_OBJECT_CONVERSION = YES_AGGRESSIVE;
				CLANG_CXX_LANGUAGE_STANDARD = "gnu++20";
				CLANG_ENABLE_MODULES = YES;
				CLANG_ENABLE_OBJC_ARC = YES;
				CLANG_ENABLE_OBJC_WEAK = YES;
				CLANG_WARN_BLOCK_CAPTURE_AUTORELEASING = YES;
				CLANG_WARN_BOOL_CONVERSION = YES;
				CLANG_WARN_COMMA = YES;
				CLANG_WARN_CONSTANT_CONVERSION = YES;
				CLANG_WARN_DEPRECATED_OBJC_IMPLEMENTATIONS = YES;
				CLANG_WARN_DIRECT_OBJC_ISA_USAGE = YES_ERROR;
				CLANG_WARN_DOCUMENTATION_COMMENTS = YES;
				CLANG_WARN_EMPTY_BODY = YES;
				CLANG_WARN_ENUM_CONVERSION = YES;
				CLANG_WARN_INFINITE_RECURSION = YES;
				CLANG_WARN_INT_CONVERSION = YES;
				CLANG_WARN_NON_LITERAL_NULL_CONVERSION = YES;
				CLANG_WARN_OBJC_IMPLICIT_RETAIN_SELF = YES;
				CLANG_WARN_OBJC_LITERAL_CONVERSION = YES;
				CLANG_WARN_OBJC_ROOT_CLASS = YES_ERROR;
				CLANG_WARN_QUOTED_INCLUDE_IN_FRAMEWORK_HEADER = YES;
				CLANG_WARN_RANGE_LOOP_ANALYSIS = YES;
				CLANG_WARN_STRICT_PROTOTYPES = YES;
				CLANG_WARN_SUSPICIOUS_MOVE = YES;
				CLANG_WARN_UNGUARDED_AVAILABILITY = YES_AGGRESSIVE;
				CLANG_WARN_UNREACHABLE_CODE = YES;
				CLANG_WARN__DUPLICATE_METHOD_MATCH = YES;
				COPY_PHASE_STRIP = NO;
				DEBUG_INFORMATION_FORMAT = "dwarf-with-dsym";
				ENABLE_NS_ASSERTIONS = NO;
				ENABLE_STRICT_OBJC_MSGSEND = YES;
				GCC_C_LANGUAGE_STANDARD = gnu11;
				GCC_NO_COMMON_BLOCKS = YES;
				GCC_WARN_64_TO_32_BIT_CONVERSION = YES;
				GCC_WARN_ABOUT_RETURN_TYPE = YES_ERROR;
				GCC_WARN_UNDECLARED_SELECTOR = YES;
				GCC_WARN_UNINITIALIZED_AUTOS = YES_AGGRESSIVE;
				GCC_WARN_UNUSED_FUNCTION = YES;
				GCC_WARN_UNUSED_VARIABLE = YES;
				IPHONEOS_DEPLOYMENT_TARGET = 13.0;
				MTL_ENABLE_DEBUG_INFO = NO;
				MTL_FAST_MATH = YES;
				SDKROOT = iphoneos;
				SWIFT_COMPILATION_MODE = wholemodule;
				SWIFT_OPTIMIZATION_LEVEL = "-O";
				VALIDATE_PRODUCT = YES;
			};
			name = Release;
		};
		C4CC4C7A2A953F1900E705E4 /* Debug */ = {
			isa = XCBuildConfiguration;
			buildSettings = {
				ASSETCATALOG_COMPILER_APPICON_NAME = AppIcon;
				ASSETCATALOG_COMPILER_GLOBAL_ACCENT_COLOR_NAME = AccentColor;
				CODE_SIGN_STYLE = Automatic;
				CURRENT_PROJECT_VERSION = 1;
				DEVELOPMENT_TEAM = 7FWE3GPY5W;
				GENERATE_INFOPLIST_FILE = YES;
				INFOPLIST_FILE = RickAndMorty/Info.plist;
				INFOPLIST_KEY_UIApplicationSupportsIndirectInputEvents = YES;
				INFOPLIST_KEY_UILaunchStoryboardName = LaunchScreen;
				INFOPLIST_KEY_UISupportedInterfaceOrientations = UIInterfaceOrientationPortrait;
				IPHONEOS_DEPLOYMENT_TARGET = 14.0;
				LD_RUNPATH_SEARCH_PATHS = (
					"$(inherited)",
					"@executable_path/Frameworks",
				);
				MARKETING_VERSION = 1.0;
				PRODUCT_BUNDLE_IDENTIFIER = com.Yaroslav.RickAndMorty;
				PRODUCT_NAME = "$(TARGET_NAME)";
				SWIFT_EMIT_LOC_STRINGS = YES;
				SWIFT_VERSION = 5.0;
				TARGETED_DEVICE_FAMILY = "1,2";
			};
			name = Debug;
		};
		C4CC4C7B2A953F1900E705E4 /* Release */ = {
			isa = XCBuildConfiguration;
			buildSettings = {
				ASSETCATALOG_COMPILER_APPICON_NAME = AppIcon;
				ASSETCATALOG_COMPILER_GLOBAL_ACCENT_COLOR_NAME = AccentColor;
				CODE_SIGN_STYLE = Automatic;
				CURRENT_PROJECT_VERSION = 1;
				DEVELOPMENT_TEAM = 7FWE3GPY5W;
				GENERATE_INFOPLIST_FILE = YES;
				INFOPLIST_FILE = RickAndMorty/Info.plist;
				INFOPLIST_KEY_UIApplicationSupportsIndirectInputEvents = YES;
				INFOPLIST_KEY_UILaunchStoryboardName = LaunchScreen;
				INFOPLIST_KEY_UISupportedInterfaceOrientations = UIInterfaceOrientationPortrait;
				IPHONEOS_DEPLOYMENT_TARGET = 14.0;
				LD_RUNPATH_SEARCH_PATHS = (
					"$(inherited)",
					"@executable_path/Frameworks",
				);
				MARKETING_VERSION = 1.0;
				PRODUCT_BUNDLE_IDENTIFIER = com.Yaroslav.RickAndMorty;
				PRODUCT_NAME = "$(TARGET_NAME)";
				SWIFT_EMIT_LOC_STRINGS = YES;
				SWIFT_VERSION = 5.0;
				TARGETED_DEVICE_FAMILY = "1,2";
			};
			name = Release;
		};
/* End XCBuildConfiguration section */

/* Begin XCConfigurationList section */
		C4CC4C602A953F1700E705E4 /* Build configuration list for PBXProject "RickAndMorty" */ = {
			isa = XCConfigurationList;
			buildConfigurations = (
				C4CC4C772A953F1900E705E4 /* Debug */,
				C4CC4C782A953F1900E705E4 /* Release */,
			);
			defaultConfigurationIsVisible = 0;
			defaultConfigurationName = Release;
		};
		C4CC4C792A953F1900E705E4 /* Build configuration list for PBXNativeTarget "RickAndMorty" */ = {
			isa = XCConfigurationList;
			buildConfigurations = (
				C4CC4C7A2A953F1900E705E4 /* Debug */,
				C4CC4C7B2A953F1900E705E4 /* Release */,
			);
			defaultConfigurationIsVisible = 0;
			defaultConfigurationName = Release;
		};
/* End XCConfigurationList section */
	};
	rootObject = C4CC4C5D2A953F1700E705E4 /* Project object */;
}
