// !$*UTF8*$!
{
	archiveVersion = 1;
	classes = {
	};
	objectVersion = 56;
	objects = {

/* Begin PBXBuildFile section */
		C4CC4C692A953F1700E705E4 /* AppDelegate.swift in Sources */ = {isa = PBXBuildFile; fileRef = C4CC4C682A953F1700E705E4 /* AppDelegate.swift */; };
		C4CC4C6B2A953F1700E705E4 /* SceneDelegate.swift in Sources */ = {isa = PBXBuildFile; fileRef = C4CC4C6A2A953F1700E705E4 /* SceneDelegate.swift */; };
		C4CC4C6D2A953F1700E705E4 /* RMTabBarViewController.swift in Sources */ = {isa = PBXBuildFile; fileRef = C4CC4C6C2A953F1700E705E4 /* RMTabBarViewController.swift */; };
		C4CC4C722A953F1900E705E4 /* Assets.xcassets in Resources */ = {isa = PBXBuildFile; fileRef = C4CC4C712A953F1900E705E4 /* Assets.xcassets */; };
		C4CC4C752A953F1900E705E4 /* LaunchScreen.storyboard in Resources */ = {isa = PBXBuildFile; fileRef = C4CC4C732A953F1900E705E4 /* LaunchScreen.storyboard */; };
		C4CC4C842A95444500E705E4 /* RMLocation.swift in Sources */ = {isa = PBXBuildFile; fileRef = C4CC4C832A95444500E705E4 /* RMLocation.swift */; };
		C4CC4C862A95446B00E705E4 /* RMCharacter.swift in Sources */ = {isa = PBXBuildFile; fileRef = C4CC4C852A95446B00E705E4 /* RMCharacter.swift */; };
		C4CC4C882A95448600E705E4 /* RMEpisode.swift in Sources */ = {isa = PBXBuildFile; fileRef = C4CC4C872A95448600E705E4 /* RMEpisode.swift */; };
		C4CC4C8D2A95458300E705E4 /* RMCharacterViewController.swift in Sources */ = {isa = PBXBuildFile; fileRef = C4CC4C8C2A95458300E705E4 /* RMCharacterViewController.swift */; };
		C4CC4C8F2A9545CA00E705E4 /* RMLocationViewController.swift in Sources */ = {isa = PBXBuildFile; fileRef = C4CC4C8E2A9545CA00E705E4 /* RMLocationViewController.swift */; };
		C4CC4C912A9545DE00E705E4 /* RMEpisodeViewController.swift in Sources */ = {isa = PBXBuildFile; fileRef = C4CC4C902A9545DE00E705E4 /* RMEpisodeViewController.swift */; };
		C4CC4C932A9545F200E705E4 /* RMSettingsViewController.swift in Sources */ = {isa = PBXBuildFile; fileRef = C4CC4C922A9545F200E705E4 /* RMSettingsViewController.swift */; };
		C4CC4C962A96881F00E705E4 /* RMService.swift in Sources */ = {isa = PBXBuildFile; fileRef = C4CC4C952A96881F00E705E4 /* RMService.swift */; };
		C4CC4C982A96885300E705E4 /* RMRequest.swift in Sources */ = {isa = PBXBuildFile; fileRef = C4CC4C972A96885300E705E4 /* RMRequest.swift */; };
		C4CC4C9A2A96897400E705E4 /* RMEndpoint.swift in Sources */ = {isa = PBXBuildFile; fileRef = C4CC4C992A96897400E705E4 /* RMEndpoint.swift */; };
/* End PBXBuildFile section */

/* Begin PBXFileReference section */
		C4CC4C652A953F1700E705E4 /* RickAndMorty.app */ = {isa = PBXFileReference; explicitFileType = wrapper.application; includeInIndex = 0; path = RickAndMorty.app; sourceTree = BUILT_PRODUCTS_DIR; };
		C4CC4C682A953F1700E705E4 /* AppDelegate.swift */ = {isa = PBXFileReference; lastKnownFileType = sourcecode.swift; path = AppDelegate.swift; sourceTree = "<group>"; };
		C4CC4C6A2A953F1700E705E4 /* SceneDelegate.swift */ = {isa = PBXFileReference; lastKnownFileType = sourcecode.swift; path = SceneDelegate.swift; sourceTree = "<group>"; };
		C4CC4C6C2A953F1700E705E4 /* RMTabBarViewController.swift */ = {isa = PBXFileReference; lastKnownFileType = sourcecode.swift; path = RMTabBarViewController.swift; sourceTree = "<group>"; };
		C4CC4C712A953F1900E705E4 /* Assets.xcassets */ = {isa = PBXFileReference; lastKnownFileType = folder.assetcatalog; path = Assets.xcassets; sourceTree = "<group>"; };
		C4CC4C742A953F1900E705E4 /* Base */ = {isa = PBXFileReference; lastKnownFileType = file.storyboard; name = Base; path = Base.lproj/LaunchScreen.storyboard; sourceTree = "<group>"; };
		C4CC4C762A953F1900E705E4 /* Info.plist */ = {isa = PBXFileReference; lastKnownFileType = text.plist.xml; path = Info.plist; sourceTree = "<group>"; };
		C4CC4C832A95444500E705E4 /* RMLocation.swift */ = {isa = PBXFileReference; lastKnownFileType = sourcecode.swift; path = RMLocation.swift; sourceTree = "<group>"; };
		C4CC4C852A95446B00E705E4 /* RMCharacter.swift */ = {isa = PBXFileReference; lastKnownFileType = sourcecode.swift; path = RMCharacter.swift; sourceTree = "<group>"; };
		C4CC4C872A95448600E705E4 /* RMEpisode.swift */ = {isa = PBXFileReference; lastKnownFileType = sourcecode.swift; path = RMEpisode.swift; sourceTree = "<group>"; };
		C4CC4C8C2A95458300E705E4 /* RMCharacterViewController.swift */ = {isa = PBXFileReference; lastKnownFileType = sourcecode.swift; path = RMCharacterViewController.swift; sourceTree = "<group>"; };
		C4CC4C8E2A9545CA00E705E4 /* RMLocationViewController.swift */ = {isa = PBXFileReference; lastKnownFileType = sourcecode.swift; path = RMLocationViewController.swift; sourceTree = "<group>"; };
		C4CC4C902A9545DE00E705E4 /* RMEpisodeViewController.swift */ = {isa = PBXFileReference; lastKnownFileType = sourcecode.swift; path = RMEpisodeViewController.swift; sourceTree = "<group>"; };
		C4CC4C922A9545F200E705E4 /* RMSettingsViewController.swift */ = {isa = PBXFileReference; lastKnownFileType = sourcecode.swift; path = RMSettingsViewController.swift; sourceTree = "<group>"; };
		C4CC4C952A96881F00E705E4 /* RMService.swift */ = {isa = PBXFileReference; lastKnownFileType = sourcecode.swift; path = RMService.swift; sourceTree = "<group>"; };
		C4CC4C972A96885300E705E4 /* RMRequest.swift */ = {isa = PBXFileReference; lastKnownFileType = sourcecode.swift; path = RMRequest.swift; sourceTree = "<group>"; };
		C4CC4C992A96897400E705E4 /* RMEndpoint.swift */ = {isa = PBXFileReference; lastKnownFileType = sourcecode.swift; path = RMEndpoint.swift; sourceTree = "<group>"; };
/* End PBXFileReference section */

/* Begin PBXFrameworksBuildPhase section */
		C4CC4C622A953F1700E705E4 /* Frameworks */ = {
			isa = PBXFrameworksBuildPhase;
			buildActionMask = 2147483647;
			files = (
			);
			runOnlyForDeploymentPostprocessing = 0;
		};
/* End PBXFrameworksBuildPhase section */

/* Begin PBXGroup section */
		C4CC4C5C2A953F1700E705E4 = {
			isa = PBXGroup;
			children = (
				C4CC4C672A953F1700E705E4 /* RickAndMorty */,
				C4CC4C662A953F1700E705E4 /* Products */,
			);
			sourceTree = "<group>";
		};
		C4CC4C662A953F1700E705E4 /* Products */ = {
			isa = PBXGroup;
			children = (
				C4CC4C652A953F1700E705E4 /* RickAndMorty.app */,
			);
			name = Products;
			sourceTree = "<group>";
		};
		C4CC4C672A953F1700E705E4 /* RickAndMorty */ = {
			isa = PBXGroup;
			children = (
				C4CC4C822A95425D00E705E4 /* Resources */,
				C4CC4C812A95424200E705E4 /* APIClient */,
				C4CC4C802A95421B00E705E4 /* Managers */,
				C4CC4C7F2A95420000E705E4 /* ViewModels */,
				C4CC4C7E2A9541F800E705E4 /* Views */,
				C4CC4C7D2A9541E300E705E4 /* Models */,
				C4CC4C7C2A9541CE00E705E4 /* Controllers */,
				C4CC4C762A953F1900E705E4 /* Info.plist */,
			);
			path = RickAndMorty;
			sourceTree = "<group>";
		};
		C4CC4C7C2A9541CE00E705E4 /* Controllers */ = {
			isa = PBXGroup;
			children = (
				C4CC4C892A95451900E705E4 /* Core */,
			);
			path = Controllers;
			sourceTree = "<group>";
		};
		C4CC4C7D2A9541E300E705E4 /* Models */ = {
			isa = PBXGroup;
			children = (
				C4CC4C832A95444500E705E4 /* RMLocation.swift */,
				C4CC4C852A95446B00E705E4 /* RMCharacter.swift */,
				C4CC4C872A95448600E705E4 /* RMEpisode.swift */,
			);
			path = Models;
			sourceTree = "<group>";
		};
		C4CC4C7E2A9541F800E705E4 /* Views */ = {
			isa = PBXGroup;
			children = (
			);
			path = Views;
			sourceTree = "<group>";
		};
		C4CC4C7F2A95420000E705E4 /* ViewModels */ = {
			isa = PBXGroup;
			children = (
			);
			path = ViewModels;
			sourceTree = "<group>";
		};
		C4CC4C802A95421B00E705E4 /* Managers */ = {
			isa = PBXGroup;
			children = (
			);
			path = Managers;
			sourceTree = "<group>";
		};
		C4CC4C812A95424200E705E4 /* APIClient */ = {
			isa = PBXGroup;
			children = (
				C4CC4C952A96881F00E705E4 /* RMService.swift */,
				C4CC4C972A96885300E705E4 /* RMRequest.swift */,
				C4CC4C992A96897400E705E4 /* RMEndpoint.swift */,
			);
			path = APIClient;
			sourceTree = "<group>";
		};
		C4CC4C822A95425D00E705E4 /* Resources */ = {
			isa = PBXGroup;
			children = (
				C4CC4C682A953F1700E705E4 /* AppDelegate.swift */,
				C4CC4C6A2A953F1700E705E4 /* SceneDelegate.swift */,
				C4CC4C712A953F1900E705E4 /* Assets.xcassets */,
				C4CC4C732A953F1900E705E4 /* LaunchScreen.storyboard */,
			);
			path = Resources;
			sourceTree = "<group>";
		};
		C4CC4C892A95451900E705E4 /* Core */ = {
			isa = PBXGroup;
			children = (
				C4CC4C6C2A953F1700E705E4 /* RMTabBarViewController.swift */,
				C4CC4C8C2A95458300E705E4 /* RMCharacterViewController.swift */,
				C4CC4C8E2A9545CA00E705E4 /* RMLocationViewController.swift */,
				C4CC4C902A9545DE00E705E4 /* RMEpisodeViewController.swift */,
				C4CC4C922A9545F200E705E4 /* RMSettingsViewController.swift */,
			);
			path = Core;
			sourceTree = "<group>";
		};
/* End PBXGroup section */

/* Begin PBXNativeTarget section */
		C4CC4C642A953F1700E705E4 /* RickAndMorty */ = {
			isa = PBXNativeTarget;
			buildConfigurationList = C4CC4C792A953F1900E705E4 /* Build configuration list for PBXNativeTarget "RickAndMorty" */;
			buildPhases = (
				C4CC4C612A953F1700E705E4 /* Sources */,
				C4CC4C622A953F1700E705E4 /* Frameworks */,
				C4CC4C632A953F1700E705E4 /* Resources */,
			);
			buildRules = (
			);
			dependencies = (
			);
			name = RickAndMorty;
			productName = RickAndMorty;
			productReference = C4CC4C652A953F1700E705E4 /* RickAndMorty.app */;
			productType = "com.apple.product-type.application";
		};
/* End PBXNativeTarget section */

/* Begin PBXProject section */
		C4CC4C5D2A953F1700E705E4 /* Project object */ = {
			isa = PBXProject;
			attributes = {
				BuildIndependentTargetsInParallel = 1;
				LastSwiftUpdateCheck = 1410;
				LastUpgradeCheck = 1410;
				TargetAttributes = {
					C4CC4C642A953F1700E705E4 = {
						CreatedOnToolsVersion = 14.1;
					};
				};
			};
			buildConfigurationList = C4CC4C602A953F1700E705E4 /* Build configuration list for PBXProject "RickAndMorty" */;
			compatibilityVersion = "Xcode 14.0";
			developmentRegion = en;
			hasScannedForEncodings = 0;
			knownRegions = (
				en,
				Base,
			);
			mainGroup = C4CC4C5C2A953F1700E705E4;
			productRefGroup = C4CC4C662A953F1700E705E4 /* Products */;
			projectDirPath = "";
			projectRoot = "";
			targets = (
				C4CC4C642A953F1700E705E4 /* RickAndMorty */,
			);
		};
/* End PBXProject section */

/* Begin PBXResourcesBuildPhase section */
		C4CC4C632A953F1700E705E4 /* Resources */ = {
			isa = PBXResourcesBuildPhase;
			buildActionMask = 2147483647;
			files = (
				C4CC4C752A953F1900E705E4 /* LaunchScreen.storyboard in Resources */,
				C4CC4C722A953F1900E705E4 /* Assets.xcassets in Resources */,
			);
			runOnlyForDeploymentPostprocessing = 0;
		};
/* End PBXResourcesBuildPhase section */

/* Begin PBXSourcesBuildPhase section */
		C4CC4C612A953F1700E705E4 /* Sources */ = {
			isa = PBXSourcesBuildPhase;
			buildActionMask = 2147483647;
			files = (
				C4CC4C8F2A9545CA00E705E4 /* RMLocationViewController.swift in Sources */,
				C4CC4C882A95448600E705E4 /* RMEpisode.swift in Sources */,
				C4CC4C6D2A953F1700E705E4 /* RMTabBarViewController.swift in Sources */,
				C4CC4C912A9545DE00E705E4 /* RMEpisodeViewController.swift in Sources */,
				C4CC4C692A953F1700E705E4 /* AppDelegate.swift in Sources */,
				C4CC4C6B2A953F1700E705E4 /* SceneDelegate.swift in Sources */,
				C4CC4C932A9545F200E705E4 /* RMSettingsViewController.swift in Sources */,
				C4CC4C962A96881F00E705E4 /* RMService.swift in Sources */,
				C4CC4C842A95444500E705E4 /* RMLocation.swift in Sources */,
				C4CC4C9A2A96897400E705E4 /* RMEndpoint.swift in Sources */,
				C4CC4C862A95446B00E705E4 /* RMCharacter.swift in Sources */,
				C4CC4C982A96885300E705E4 /* RMRequest.swift in Sources */,
				C4CC4C8D2A95458300E705E4 /* RMCharacterViewController.swift in Sources */,
			);
			runOnlyForDeploymentPostprocessing = 0;
		};
/* End PBXSourcesBuildPhase section */

/* Begin PBXVariantGroup section */
		C4CC4C732A953F1900E705E4 /* LaunchScreen.storyboard */ = {
			isa = PBXVariantGroup;
			children = (
				C4CC4C742A953F1900E705E4 /* Base */,
			);
			name = LaunchScreen.storyboard;
			sourceTree = "<group>";
		};
/* End PBXVariantGroup section */

/* Begin XCBuildConfiguration section */
		C4CC4C772A953F1900E705E4 /* Debug */ = {
			isa = XCBuildConfiguration;
			buildSettings = {
				ALWAYS_SEARCH_USER_PATHS = NO;
				CLANG_ANALYZER_NONNULL = YES;
				CLANG_ANALYZER_NUMBER_OBJECT_CONVERSION = YES_AGGRESSIVE;
				CLANG_CXX_LANGUAGE_STANDARD = "gnu++20";
				CLANG_ENABLE_MODULES = YES;
				CLANG_ENABLE_OBJC_ARC = YES;
				CLANG_ENABLE_OBJC_WEAK = YES;
				CLANG_WARN_BLOCK_CAPTURE_AUTORELEASING = YES;
				CLANG_WARN_BOOL_CONVERSION = YES;
				CLANG_WARN_COMMA = YES;
				CLANG_WARN_CONSTANT_CONVERSION = YES;
				CLANG_WARN_DEPRECATED_OBJC_IMPLEMENTATIONS = YES;
				CLANG_WARN_DIRECT_OBJC_ISA_USAGE = YES_ERROR;
				CLANG_WARN_DOCUMENTATION_COMMENTS = YES;
				CLANG_WARN_EMPTY_BODY = YES;
				CLANG_WARN_ENUM_CONVERSION = YES;
				CLANG_WARN_INFINITE_RECURSION = YES;
				CLANG_WARN_INT_CONVERSION = YES;
				CLANG_WARN_NON_LITERAL_NULL_CONVERSION = YES;
				CLANG_WARN_OBJC_IMPLICIT_RETAIN_SELF = YES;
				CLANG_WARN_OBJC_LITERAL_CONVERSION = YES;
				CLANG_WARN_OBJC_ROOT_CLASS = YES_ERROR;
				CLANG_WARN_QUOTED_INCLUDE_IN_FRAMEWORK_HEADER = YES;
				CLANG_WARN_RANGE_LOOP_ANALYSIS = YES;
				CLANG_WARN_STRICT_PROTOTYPES = YES;
				CLANG_WARN_SUSPICIOUS_MOVE = YES;
				CLANG_WARN_UNGUARDED_AVAILABILITY = YES_AGGRESSIVE;
				CLANG_WARN_UNREACHABLE_CODE = YES;
				CLANG_WARN__DUPLICATE_METHOD_MATCH = YES;
				COPY_PHASE_STRIP = NO;
				DEBUG_INFORMATION_FORMAT = dwarf;
				ENABLE_STRICT_OBJC_MSGSEND = YES;
				ENABLE_TESTABILITY = YES;
				GCC_C_LANGUAGE_STANDARD = gnu11;
				GCC_DYNAMIC_NO_PIC = NO;
				GCC_NO_COMMON_BLOCKS = YES;
				GCC_OPTIMIZATION_LEVEL = 0;
				GCC_PREPROCESSOR_DEFINITIONS = (
					"DEBUG=1",
					"$(inherited)",
				);
				GCC_WARN_64_TO_32_BIT_CONVERSION = YES;
				GCC_WARN_ABOUT_RETURN_TYPE = YES_ERROR;
				GCC_WARN_UNDECLARED_SELECTOR = YES;
				GCC_WARN_UNINITIALIZED_AUTOS = YES_AGGRESSIVE;
				GCC_WARN_UNUSED_FUNCTION = YES;
				GCC_WARN_UNUSED_VARIABLE = YES;
				IPHONEOS_DEPLOYMENT_TARGET = 16.1;
				MTL_ENABLE_DEBUG_INFO = INCLUDE_SOURCE;
				MTL_FAST_MATH = YES;
				ONLY_ACTIVE_ARCH = YES;
				SDKROOT = iphoneos;
				SWIFT_ACTIVE_COMPILATION_CONDITIONS = DEBUG;
				SWIFT_OPTIMIZATION_LEVEL = "-Onone";
			};
			name = Debug;
		};
		C4CC4C782A953F1900E705E4 /* Release */ = {
			isa = XCBuildConfiguration;
			buildSettings = {
				ALWAYS_SEARCH_USER_PATHS = NO;
				CLANG_ANALYZER_NONNULL = YES;
				CLANG_ANALYZER_NUMBER_OBJECT_CONVERSION = YES_AGGRESSIVE;
				CLANG_CXX_LANGUAGE_STANDARD = "gnu++20";
				CLANG_ENABLE_MODULES = YES;
				CLANG_ENABLE_OBJC_ARC = YES;
				CLANG_ENABLE_OBJC_WEAK = YES;
				CLANG_WARN_BLOCK_CAPTURE_AUTORELEASING = YES;
				CLANG_WARN_BOOL_CONVERSION = YES;
				CLANG_WARN_COMMA = YES;
				CLANG_WARN_CONSTANT_CONVERSION = YES;
				CLANG_WARN_DEPRECATED_OBJC_IMPLEMENTATIONS = YES;
				CLANG_WARN_DIRECT_OBJC_ISA_USAGE = YES_ERROR;
				CLANG_WARN_DOCUMENTATION_COMMENTS = YES;
				CLANG_WARN_EMPTY_BODY = YES;
				CLANG_WARN_ENUM_CONVERSION = YES;
				CLANG_WARN_INFINITE_RECURSION = YES;
				CLANG_WARN_INT_CONVERSION = YES;
				CLANG_WARN_NON_LITERAL_NULL_CONVERSION = YES;
				CLANG_WARN_OBJC_IMPLICIT_RETAIN_SELF = YES;
				CLANG_WARN_OBJC_LITERAL_CONVERSION = YES;
				CLANG_WARN_OBJC_ROOT_CLASS = YES_ERROR;
				CLANG_WARN_QUOTED_INCLUDE_IN_FRAMEWORK_HEADER = YES;
				CLANG_WARN_RANGE_LOOP_ANALYSIS = YES;
				CLANG_WARN_STRICT_PROTOTYPES = YES;
				CLANG_WARN_SUSPICIOUS_MOVE = YES;
				CLANG_WARN_UNGUARDED_AVAILABILITY = YES_AGGRESSIVE;
				CLANG_WARN_UNREACHABLE_CODE = YES;
				CLANG_WARN__DUPLICATE_METHOD_MATCH = YES;
				COPY_PHASE_STRIP = NO;
				DEBUG_INFORMATION_FORMAT = "dwarf-with-dsym";
				ENABLE_NS_ASSERTIONS = NO;
				ENABLE_STRICT_OBJC_MSGSEND = YES;
				GCC_C_LANGUAGE_STANDARD = gnu11;
				GCC_NO_COMMON_BLOCKS = YES;
				GCC_WARN_64_TO_32_BIT_CONVERSION = YES;
				GCC_WARN_ABOUT_RETURN_TYPE = YES_ERROR;
				GCC_WARN_UNDECLARED_SELECTOR = YES;
				GCC_WARN_UNINITIALIZED_AUTOS = YES_AGGRESSIVE;
				GCC_WARN_UNUSED_FUNCTION = YES;
				GCC_WARN_UNUSED_VARIABLE = YES;
				IPHONEOS_DEPLOYMENT_TARGET = 16.1;
				MTL_ENABLE_DEBUG_INFO = NO;
				MTL_FAST_MATH = YES;
				SDKROOT = iphoneos;
				SWIFT_COMPILATION_MODE = wholemodule;
				SWIFT_OPTIMIZATION_LEVEL = "-O";
				VALIDATE_PRODUCT = YES;
			};
			name = Release;
		};
		C4CC4C7A2A953F1900E705E4 /* Debug */ = {
			isa = XCBuildConfiguration;
			buildSettings = {
				ASSETCATALOG_COMPILER_APPICON_NAME = AppIcon;
				ASSETCATALOG_COMPILER_GLOBAL_ACCENT_COLOR_NAME = AccentColor;
				CODE_SIGN_STYLE = Automatic;
				CURRENT_PROJECT_VERSION = 1;
				DEVELOPMENT_TEAM = 7FWE3GPY5W;
				GENERATE_INFOPLIST_FILE = YES;
				INFOPLIST_FILE = RickAndMorty/Info.plist;
				INFOPLIST_KEY_UIApplicationSupportsIndirectInputEvents = YES;
				INFOPLIST_KEY_UILaunchStoryboardName = LaunchScreen;
				INFOPLIST_KEY_UISupportedInterfaceOrientations_iPad = "UIInterfaceOrientationPortrait UIInterfaceOrientationPortraitUpsideDown UIInterfaceOrientationLandscapeLeft UIInterfaceOrientationLandscapeRight";
				INFOPLIST_KEY_UISupportedInterfaceOrientations_iPhone = "UIInterfaceOrientationPortrait UIInterfaceOrientationLandscapeLeft UIInterfaceOrientationLandscapeRight";
				IPHONEOS_DEPLOYMENT_TARGET = 14.0;
				LD_RUNPATH_SEARCH_PATHS = (
					"$(inherited)",
					"@executable_path/Frameworks",
				);
				MARKETING_VERSION = 1.0;
				PRODUCT_BUNDLE_IDENTIFIER = com.Yaroslav.RickAndMorty;
				PRODUCT_NAME = "$(TARGET_NAME)";
				SWIFT_EMIT_LOC_STRINGS = YES;
				SWIFT_VERSION = 5.0;
				TARGETED_DEVICE_FAMILY = "1,2";
			};
			name = Debug;
		};
		C4CC4C7B2A953F1900E705E4 /* Release */ = {
			isa = XCBuildConfiguration;
			buildSettings = {
				ASSETCATALOG_COMPILER_APPICON_NAME = AppIcon;
				ASSETCATALOG_COMPILER_GLOBAL_ACCENT_COLOR_NAME = AccentColor;
				CODE_SIGN_STYLE = Automatic;
				CURRENT_PROJECT_VERSION = 1;
				DEVELOPMENT_TEAM = 7FWE3GPY5W;
				GENERATE_INFOPLIST_FILE = YES;
				INFOPLIST_FILE = RickAndMorty/Info.plist;
				INFOPLIST_KEY_UIApplicationSupportsIndirectInputEvents = YES;
				INFOPLIST_KEY_UILaunchStoryboardName = LaunchScreen;
				INFOPLIST_KEY_UISupportedInterfaceOrientations_iPad = "UIInterfaceOrientationPortrait UIInterfaceOrientationPortraitUpsideDown UIInterfaceOrientationLandscapeLeft UIInterfaceOrientationLandscapeRight";
				INFOPLIST_KEY_UISupportedInterfaceOrientations_iPhone = "UIInterfaceOrientationPortrait UIInterfaceOrientationLandscapeLeft UIInterfaceOrientationLandscapeRight";
				IPHONEOS_DEPLOYMENT_TARGET = 14.0;
				LD_RUNPATH_SEARCH_PATHS = (
					"$(inherited)",
					"@executable_path/Frameworks",
				);
				MARKETING_VERSION = 1.0;
				PRODUCT_BUNDLE_IDENTIFIER = com.Yaroslav.RickAndMorty;
				PRODUCT_NAME = "$(TARGET_NAME)";
				SWIFT_EMIT_LOC_STRINGS = YES;
				SWIFT_VERSION = 5.0;
				TARGETED_DEVICE_FAMILY = "1,2";
			};
			name = Release;
		};
/* End XCBuildConfiguration section */

/* Begin XCConfigurationList section */
		C4CC4C602A953F1700E705E4 /* Build configuration list for PBXProject "RickAndMorty" */ = {
			isa = XCConfigurationList;
			buildConfigurations = (
				C4CC4C772A953F1900E705E4 /* Debug */,
				C4CC4C782A953F1900E705E4 /* Release */,
			);
			defaultConfigurationIsVisible = 0;
			defaultConfigurationName = Release;
		};
		C4CC4C792A953F1900E705E4 /* Build configuration list for PBXNativeTarget "RickAndMorty" */ = {
			isa = XCConfigurationList;
			buildConfigurations = (
				C4CC4C7A2A953F1900E705E4 /* Debug */,
				C4CC4C7B2A953F1900E705E4 /* Release */,
			);
			defaultConfigurationIsVisible = 0;
			defaultConfigurationName = Release;
		};
/* End XCConfigurationList section */
	};
	rootObject = C4CC4C5D2A953F1700E705E4 /* Project object */;
}
