// !$*UTF8*$!
{
	archiveVersion = 1;
	classes = {
	};
	objectVersion = 56;
	objects = {

/* Begin PBXBuildFile section */
		C4264B222AACDF7D005E80C2 /* HomeMenuViewModel.swift in Sources */ = {isa = PBXBuildFile; fileRef = C4264B212AACDF7D005E80C2 /* HomeMenuViewModel.swift */; };
		C4264B242AACDFFF005E80C2 /* StateController.swift in Sources */ = {isa = PBXBuildFile; fileRef = C4264B232AACDFFF005E80C2 /* StateController.swift */; };
		C4264B262AACE10B005E80C2 /* ItemHomeMenuViewModel.swift in Sources */ = {isa = PBXBuildFile; fileRef = C4264B252AACE10B005E80C2 /* ItemHomeMenuViewModel.swift */; };
		C470CAD62AAC8F8800C9BCC1 /* HomeCoordinator.swift in Sources */ = {isa = PBXBuildFile; fileRef = C470CAD52AAC8F8800C9BCC1 /* HomeCoordinator.swift */; };
		C470CAD82AAC8FFA00C9BCC1 /* HomeFactory.swift in Sources */ = {isa = PBXBuildFile; fileRef = C470CAD72AAC8FFA00C9BCC1 /* HomeFactory.swift */; };
		C470CADA2AACB0AC00C9BCC1 /* ItemHomeMenuCell.swift in Sources */ = {isa = PBXBuildFile; fileRef = C470CAD92AACB0AC00C9BCC1 /* ItemHomeMenuCell.swift */; };
		C470CADD2AACB1C800C9BCC1 /* UIView+Constraints.swift in Sources */ = {isa = PBXBuildFile; fileRef = C470CADC2AACB1C800C9BCC1 /* UIView+Constraints.swift */; };
		C470CADF2AACB57900C9BCC1 /* UICollectionView+Extension.swift in Sources */ = {isa = PBXBuildFile; fileRef = C470CADE2AACB57900C9BCC1 /* UICollectionView+Extension.swift */; };
		C470CAE52AACDB4800C9BCC1 /* MenuRepository.swift in Sources */ = {isa = PBXBuildFile; fileRef = C470CAE42AACDB4800C9BCC1 /* MenuRepository.swift */; };
		C470CAE82AACDC1D00C9BCC1 /* MenuItem.swift in Sources */ = {isa = PBXBuildFile; fileRef = C470CAE72AACDC1D00C9BCC1 /* MenuItem.swift */; };
		C470CAEB2AACDCE600C9BCC1 /* MenuRepositoryImp.swift in Sources */ = {isa = PBXBuildFile; fileRef = C470CAEA2AACDCE600C9BCC1 /* MenuRepositoryImp.swift */; };
		C470CAEE2AACDD5000C9BCC1 /* LoadMenuUseCase.swift in Sources */ = {isa = PBXBuildFile; fileRef = C470CAED2AACDD5000C9BCC1 /* LoadMenuUseCase.swift */; };
		C474F9C22AAA6388001E0599 /* HomeMenuViewController.swift in Sources */ = {isa = PBXBuildFile; fileRef = C474F9C12AAA6388001E0599 /* HomeMenuViewController.swift */; };
		C47BBFEA2AB2429500BAFE08 /* AppLocalized.swift in Sources */ = {isa = PBXBuildFile; fileRef = C47BBFE92AB2429500BAFE08 /* AppLocalized.swift */; };
		C47BBFEC2AB2462D00BAFE08 /* Images.swift in Sources */ = {isa = PBXBuildFile; fileRef = C47BBFEB2AB2462D00BAFE08 /* Images.swift */; };
		C48D449B2AAB9D4700C5E13A /* Coordinator.swift in Sources */ = {isa = PBXBuildFile; fileRef = C48D449A2AAB9D4700C5E13A /* Coordinator.swift */; };
		C48D449E2AAB9DC100C5E13A /* AppCoordinator.swift in Sources */ = {isa = PBXBuildFile; fileRef = C48D449D2AAB9DC100C5E13A /* AppCoordinator.swift */; };
		C48D44A02AAB9E2200C5E13A /* AppFactory.swift in Sources */ = {isa = PBXBuildFile; fileRef = C48D449F2AAB9E2200C5E13A /* AppFactory.swift */; };
		C4A7FF2D2AADAC6200FFF1B2 /* ApiClientService.swift in Sources */ = {isa = PBXBuildFile; fileRef = C4A7FF2C2AADAC6200FFF1B2 /* ApiClientService.swift */; };
		C4A7FF302AADACF500FFF1B2 /* ApiClineServiceImp.swift in Sources */ = {isa = PBXBuildFile; fileRef = C4A7FF2F2AADACF500FFF1B2 /* ApiClineServiceImp.swift */; };
		C4A7FF332AADADD200FFF1B2 /* ApiError.swift in Sources */ = {isa = PBXBuildFile; fileRef = C4A7FF322AADADD200FFF1B2 /* ApiError.swift */; };
		C4A7FF372AADB24800FFF1B2 /* HttpResponseStatus.swift in Sources */ = {isa = PBXBuildFile; fileRef = C4A7FF362AADB24800FFF1B2 /* HttpResponseStatus.swift */; };
		C4A7FF3A2AADB58300FFF1B2 /* MenuDTO.swift in Sources */ = {isa = PBXBuildFile; fileRef = C4A7FF392AADB58300FFF1B2 /* MenuDTO.swift */; };
		C4A7FF3C2AADB64F00FFF1B2 /* MenuDTO+Mapper.swift in Sources */ = {isa = PBXBuildFile; fileRef = C4A7FF3B2AADB64F00FFF1B2 /* MenuDTO+Mapper.swift */; };
		C4A7FF3E2AADB6DA00FFF1B2 /* PropertyIterator.swift in Sources */ = {isa = PBXBuildFile; fileRef = C4A7FF3D2AADB6DA00FFF1B2 /* PropertyIterator.swift */; };
		C4A7FF402AADB9EE00FFF1B2 /* Endpoint.swift in Sources */ = {isa = PBXBuildFile; fileRef = C4A7FF3F2AADB9EE00FFF1B2 /* Endpoint.swift */; };
		C4A7FF432AAE083D00FFF1B2 /* SpinnerDisplayable.swift in Sources */ = {isa = PBXBuildFile; fileRef = C4A7FF422AAE083D00FFF1B2 /* SpinnerDisplayable.swift */; };
		C4A7FF462AAE125500FFF1B2 /* ViewValues.swift in Sources */ = {isa = PBXBuildFile; fileRef = C4A7FF452AAE125500FFF1B2 /* ViewValues.swift */; };
		C4A7FF482AAE169E00FFF1B2 /* MessageDisplayable.swift in Sources */ = {isa = PBXBuildFile; fileRef = C4A7FF472AAE169E00FFF1B2 /* MessageDisplayable.swift */; };
		C4CC4C692A953F1700E705E4 /* AppDelegate.swift in Sources */ = {isa = PBXBuildFile; fileRef = C4CC4C682A953F1700E705E4 /* AppDelegate.swift */; };
		C4CC4C6B2A953F1700E705E4 /* SceneDelegate.swift in Sources */ = {isa = PBXBuildFile; fileRef = C4CC4C6A2A953F1700E705E4 /* SceneDelegate.swift */; };
		C4CC4C722A953F1900E705E4 /* Assets.xcassets in Resources */ = {isa = PBXBuildFile; fileRef = C4CC4C712A953F1900E705E4 /* Assets.xcassets */; };
		C4CC4C752A953F1900E705E4 /* LaunchScreen.storyboard in Resources */ = {isa = PBXBuildFile; fileRef = C4CC4C732A953F1900E705E4 /* LaunchScreen.storyboard */; };
/* End PBXBuildFile section */

/* Begin PBXFileReference section */
		C4264B212AACDF7D005E80C2 /* HomeMenuViewModel.swift */ = {isa = PBXFileReference; lastKnownFileType = sourcecode.swift; path = HomeMenuViewModel.swift; sourceTree = "<group>"; };
		C4264B232AACDFFF005E80C2 /* StateController.swift */ = {isa = PBXFileReference; lastKnownFileType = sourcecode.swift; path = StateController.swift; sourceTree = "<group>"; };
		C4264B252AACE10B005E80C2 /* ItemHomeMenuViewModel.swift */ = {isa = PBXFileReference; lastKnownFileType = sourcecode.swift; path = ItemHomeMenuViewModel.swift; sourceTree = "<group>"; };
		C470CAD52AAC8F8800C9BCC1 /* HomeCoordinator.swift */ = {isa = PBXFileReference; lastKnownFileType = sourcecode.swift; path = HomeCoordinator.swift; sourceTree = "<group>"; };
		C470CAD72AAC8FFA00C9BCC1 /* HomeFactory.swift */ = {isa = PBXFileReference; lastKnownFileType = sourcecode.swift; path = HomeFactory.swift; sourceTree = "<group>"; };
		C470CAD92AACB0AC00C9BCC1 /* ItemHomeMenuCell.swift */ = {isa = PBXFileReference; lastKnownFileType = sourcecode.swift; path = ItemHomeMenuCell.swift; sourceTree = "<group>"; };
		C470CADC2AACB1C800C9BCC1 /* UIView+Constraints.swift */ = {isa = PBXFileReference; lastKnownFileType = sourcecode.swift; path = "UIView+Constraints.swift"; sourceTree = "<group>"; };
		C470CADE2AACB57900C9BCC1 /* UICollectionView+Extension.swift */ = {isa = PBXFileReference; lastKnownFileType = sourcecode.swift; path = "UICollectionView+Extension.swift"; sourceTree = "<group>"; };
		C470CAE42AACDB4800C9BCC1 /* MenuRepository.swift */ = {isa = PBXFileReference; lastKnownFileType = sourcecode.swift; path = MenuRepository.swift; sourceTree = "<group>"; };
		C470CAE72AACDC1D00C9BCC1 /* MenuItem.swift */ = {isa = PBXFileReference; lastKnownFileType = sourcecode.swift; path = MenuItem.swift; sourceTree = "<group>"; };
		C470CAEA2AACDCE600C9BCC1 /* MenuRepositoryImp.swift */ = {isa = PBXFileReference; lastKnownFileType = sourcecode.swift; path = MenuRepositoryImp.swift; sourceTree = "<group>"; };
		C470CAED2AACDD5000C9BCC1 /* LoadMenuUseCase.swift */ = {isa = PBXFileReference; lastKnownFileType = sourcecode.swift; path = LoadMenuUseCase.swift; sourceTree = "<group>"; };
		C474F9C12AAA6388001E0599 /* HomeMenuViewController.swift */ = {isa = PBXFileReference; lastKnownFileType = sourcecode.swift; path = HomeMenuViewController.swift; sourceTree = "<group>"; };
		C47BBFE92AB2429500BAFE08 /* AppLocalized.swift */ = {isa = PBXFileReference; lastKnownFileType = sourcecode.swift; path = AppLocalized.swift; sourceTree = "<group>"; };
		C47BBFEB2AB2462D00BAFE08 /* Images.swift */ = {isa = PBXFileReference; lastKnownFileType = sourcecode.swift; path = Images.swift; sourceTree = "<group>"; };
		C48D449A2AAB9D4700C5E13A /* Coordinator.swift */ = {isa = PBXFileReference; lastKnownFileType = sourcecode.swift; path = Coordinator.swift; sourceTree = "<group>"; };
		C48D449D2AAB9DC100C5E13A /* AppCoordinator.swift */ = {isa = PBXFileReference; lastKnownFileType = sourcecode.swift; path = AppCoordinator.swift; sourceTree = "<group>"; };
		C48D449F2AAB9E2200C5E13A /* AppFactory.swift */ = {isa = PBXFileReference; lastKnownFileType = sourcecode.swift; path = AppFactory.swift; sourceTree = "<group>"; };
		C4A7FF2C2AADAC6200FFF1B2 /* ApiClientService.swift */ = {isa = PBXFileReference; lastKnownFileType = sourcecode.swift; path = ApiClientService.swift; sourceTree = "<group>"; };
		C4A7FF2F2AADACF500FFF1B2 /* ApiClineServiceImp.swift */ = {isa = PBXFileReference; lastKnownFileType = sourcecode.swift; path = ApiClineServiceImp.swift; sourceTree = "<group>"; };
		C4A7FF322AADADD200FFF1B2 /* ApiError.swift */ = {isa = PBXFileReference; lastKnownFileType = sourcecode.swift; path = ApiError.swift; sourceTree = "<group>"; };
		C4A7FF362AADB24800FFF1B2 /* HttpResponseStatus.swift */ = {isa = PBXFileReference; lastKnownFileType = sourcecode.swift; path = HttpResponseStatus.swift; sourceTree = "<group>"; };
		C4A7FF392AADB58300FFF1B2 /* MenuDTO.swift */ = {isa = PBXFileReference; lastKnownFileType = sourcecode.swift; path = MenuDTO.swift; sourceTree = "<group>"; };
		C4A7FF3B2AADB64F00FFF1B2 /* MenuDTO+Mapper.swift */ = {isa = PBXFileReference; lastKnownFileType = sourcecode.swift; path = "MenuDTO+Mapper.swift"; sourceTree = "<group>"; };
		C4A7FF3D2AADB6DA00FFF1B2 /* PropertyIterator.swift */ = {isa = PBXFileReference; lastKnownFileType = sourcecode.swift; path = PropertyIterator.swift; sourceTree = "<group>"; };
		C4A7FF3F2AADB9EE00FFF1B2 /* Endpoint.swift */ = {isa = PBXFileReference; lastKnownFileType = sourcecode.swift; path = Endpoint.swift; sourceTree = "<group>"; };
		C4A7FF422AAE083D00FFF1B2 /* SpinnerDisplayable.swift */ = {isa = PBXFileReference; lastKnownFileType = sourcecode.swift; path = SpinnerDisplayable.swift; sourceTree = "<group>"; };
		C4A7FF452AAE125500FFF1B2 /* ViewValues.swift */ = {isa = PBXFileReference; lastKnownFileType = sourcecode.swift; path = ViewValues.swift; sourceTree = "<group>"; };
		C4A7FF472AAE169E00FFF1B2 /* MessageDisplayable.swift */ = {isa = PBXFileReference; lastKnownFileType = sourcecode.swift; path = MessageDisplayable.swift; sourceTree = "<group>"; };
		C4CC4C652A953F1700E705E4 /* RickAndMorty.app */ = {isa = PBXFileReference; explicitFileType = wrapper.application; includeInIndex = 0; path = RickAndMorty.app; sourceTree = BUILT_PRODUCTS_DIR; };
		C4CC4C682A953F1700E705E4 /* AppDelegate.swift */ = {isa = PBXFileReference; lastKnownFileType = sourcecode.swift; path = AppDelegate.swift; sourceTree = "<group>"; };
		C4CC4C6A2A953F1700E705E4 /* SceneDelegate.swift */ = {isa = PBXFileReference; lastKnownFileType = sourcecode.swift; path = SceneDelegate.swift; sourceTree = "<group>"; };
		C4CC4C712A953F1900E705E4 /* Assets.xcassets */ = {isa = PBXFileReference; lastKnownFileType = folder.assetcatalog; path = Assets.xcassets; sourceTree = "<group>"; };
		C4CC4C742A953F1900E705E4 /* Base */ = {isa = PBXFileReference; lastKnownFileType = file.storyboard; name = Base; path = Base.lproj/LaunchScreen.storyboard; sourceTree = "<group>"; };
		C4CC4C762A953F1900E705E4 /* Info.plist */ = {isa = PBXFileReference; lastKnownFileType = text.plist.xml; path = Info.plist; sourceTree = "<group>"; };
/* End PBXFileReference section */

/* Begin PBXFrameworksBuildPhase section */
		C4CC4C622A953F1700E705E4 /* Frameworks */ = {
			isa = PBXFrameworksBuildPhase;
			buildActionMask = 2147483647;
			files = (
			);
			runOnlyForDeploymentPostprocessing = 0;
		};
/* End PBXFrameworksBuildPhase section */

/* Begin PBXGroup section */
		C470CADB2AACB1A100C9BCC1 /* UIKit */ = {
			isa = PBXGroup;
			children = (
				C470CADC2AACB1C800C9BCC1 /* UIView+Constraints.swift */,
				C470CADE2AACB57900C9BCC1 /* UICollectionView+Extension.swift */,
			);
			path = UIKit;
			sourceTree = "<group>";
		};
		C470CAE02AACDAAD00C9BCC1 /* Presentation */ = {
			isa = PBXGroup;
			children = (
				C470CAEF2AACDE8400C9BCC1 /* Cell */,
				C470CAF02AACDE8F00C9BCC1 /* Controller */,
			);
			path = Presentation;
			sourceTree = "<group>";
		};
		C470CAE12AACDAD800C9BCC1 /* Data */ = {
			isa = PBXGroup;
			children = (
				C4A7FF382AADB56800FFF1B2 /* DTO */,
				C470CAE92AACDCB900C9BCC1 /* Repositories */,
			);
			path = Data;
			sourceTree = "<group>";
		};
		C470CAE22AACDAE700C9BCC1 /* Domain */ = {
			isa = PBXGroup;
			children = (
				C470CAEC2AACDD3000C9BCC1 /* UseCase */,
				C470CAE62AACDBE400C9BCC1 /* Entities */,
				C470CAE32AACDB1700C9BCC1 /* InterfaceREpositories */,
			);
			path = Domain;
			sourceTree = "<group>";
		};
		C470CAE32AACDB1700C9BCC1 /* InterfaceREpositories */ = {
			isa = PBXGroup;
			children = (
				C470CAE42AACDB4800C9BCC1 /* MenuRepository.swift */,
			);
			path = InterfaceREpositories;
			sourceTree = "<group>";
		};
		C470CAE62AACDBE400C9BCC1 /* Entities */ = {
			isa = PBXGroup;
			children = (
				C470CAE72AACDC1D00C9BCC1 /* MenuItem.swift */,
			);
			path = Entities;
			sourceTree = "<group>";
		};
		C470CAE92AACDCB900C9BCC1 /* Repositories */ = {
			isa = PBXGroup;
			children = (
				C470CAEA2AACDCE600C9BCC1 /* MenuRepositoryImp.swift */,
			);
			path = Repositories;
			sourceTree = "<group>";
		};
		C470CAEC2AACDD3000C9BCC1 /* UseCase */ = {
			isa = PBXGroup;
			children = (
				C470CAED2AACDD5000C9BCC1 /* LoadMenuUseCase.swift */,
			);
			path = UseCase;
			sourceTree = "<group>";
		};
		C470CAEF2AACDE8400C9BCC1 /* Cell */ = {
			isa = PBXGroup;
			children = (
				C470CAD92AACB0AC00C9BCC1 /* ItemHomeMenuCell.swift */,
				C4264B252AACE10B005E80C2 /* ItemHomeMenuViewModel.swift */,
			);
			path = Cell;
			sourceTree = "<group>";
		};
		C470CAF02AACDE8F00C9BCC1 /* Controller */ = {
			isa = PBXGroup;
			children = (
				C474F9C12AAA6388001E0599 /* HomeMenuViewController.swift */,
				C4264B212AACDF7D005E80C2 /* HomeMenuViewModel.swift */,
			);
			path = Controller;
			sourceTree = "<group>";
		};
		C474F9962AAA53A9001E0599 /* App */ = {
			isa = PBXGroup;
			children = (
				C474F99C2AAA5409001E0599 /* Storage */,
				C474F99B2AAA53FC001E0599 /* Resources */,
				C474F99A2AAA53E3001E0599 /* Networking */,
				C474F9992AAA53D8001E0599 /* Common */,
				C474F9AC2AAA608F001E0599 /* ScreenModules */,
				C474F9972AAA53B1001E0599 /* CompositionRoot */,
			);
			path = App;
			sourceTree = "<group>";
		};
		C474F9972AAA53B1001E0599 /* CompositionRoot */ = {
			isa = PBXGroup;
			children = (
				C474F9C32AAA63C4001E0599 /* System */,
				C474F9B82AAA623E001E0599 /* DIContainer */,
				C474F9B72AAA6221001E0599 /* Factories */,
				C474F9B42AAA61D2001E0599 /* Coordinator */,
			);
			path = CompositionRoot;
			sourceTree = "<group>";
		};
		C474F9992AAA53D8001E0599 /* Common */ = {
			isa = PBXGroup;
			children = (
				C4A7FF412AAE080600FFF1B2 /* Components */,
				C474F9B32AAA617C001E0599 /* Localize */,
				C474F9B12AAA6133001E0599 /* Utils */,
				C474F9AD2AAA60B6001E0599 /* Layer */,
				C474F9AA2AAA605E001E0599 /* Constant */,
				C474F9A92AAA6041001E0599 /* Extension */,
			);
			path = Common;
			sourceTree = "<group>";
		};
		C474F99A2AAA53E3001E0599 /* Networking */ = {
			isa = PBXGroup;
			children = (
				C4A7FF342AADB1D000FFF1B2 /* StatusResponse */,
				C4A7FF312AADADAF00FFF1B2 /* Errors */,
				C4A7FF2E2AADACD000FFF1B2 /* Implementations */,
				C4A7FF2A2AADAC2600FFF1B2 /* ApiService */,
				C4A7FF3F2AADB9EE00FFF1B2 /* Endpoint.swift */,
			);
			path = Networking;
			sourceTree = "<group>";
		};
		C474F99B2AAA53FC001E0599 /* Resources */ = {
			isa = PBXGroup;
			children = (
				C4CC4C712A953F1900E705E4 /* Assets.xcassets */,
				C47BBFEB2AB2462D00BAFE08 /* Images.swift */,
			);
			path = Resources;
			sourceTree = "<group>";
		};
		C474F99C2AAA5409001E0599 /* Storage */ = {
			isa = PBXGroup;
			children = (
			);
			path = Storage;
			sourceTree = "<group>";
		};
		C474F9A92AAA6041001E0599 /* Extension */ = {
			isa = PBXGroup;
			children = (
				C470CADB2AACB1A100C9BCC1 /* UIKit */,
			);
			path = Extension;
			sourceTree = "<group>";
		};
		C474F9AA2AAA605E001E0599 /* Constant */ = {
			isa = PBXGroup;
			children = (
				C4A7FF452AAE125500FFF1B2 /* ViewValues.swift */,
			);
			path = Constant;
			sourceTree = "<group>";
		};
		C474F9AB2AAA6078001E0599 /* Components */ = {
			isa = PBXGroup;
			children = (
			);
			path = Components;
			sourceTree = "<group>";
		};
		C474F9AC2AAA608F001E0599 /* ScreenModules */ = {
			isa = PBXGroup;
			children = (
				C474F9C02AAA62FF001E0599 /* LaunchScreen */,
				C474F9BF2AAA62E6001E0599 /* LocationDetail */,
				C474F9BE2AAA62D8001E0599 /* Origin */,
				C474F9BD2AAA62CB001E0599 /* Episodes */,
				C474F9BC2AAA62BF001E0599 /* Location */,
				C474F9BB2AAA62AB001E0599 /* CharacterDetail */,
				C474F9BA2AAA629A001E0599 /* Characters */,
				C474F9B92AAA628F001E0599 /* HomeMenu */,
			);
			path = ScreenModules;
			sourceTree = "<group>";
		};
		C474F9AD2AAA60B6001E0599 /* Layer */ = {
			isa = PBXGroup;
			children = (
				C474F9B02AAA6106001E0599 /* Presentation */,
				C474F9AF2AAA60F1001E0599 /* Domain */,
				C474F9AE2AAA60E6001E0599 /* Data */,
			);
			path = Layer;
			sourceTree = "<group>";
		};
		C474F9AE2AAA60E6001E0599 /* Data */ = {
			isa = PBXGroup;
			children = (
			);
			path = Data;
			sourceTree = "<group>";
		};
		C474F9AF2AAA60F1001E0599 /* Domain */ = {
			isa = PBXGroup;
			children = (
			);
			path = Domain;
			sourceTree = "<group>";
		};
		C474F9B02AAA6106001E0599 /* Presentation */ = {
			isa = PBXGroup;
			children = (
				C474F9AB2AAA6078001E0599 /* Components */,
				C474F9B22AAA615F001E0599 /* StateController */,
			);
			path = Presentation;
			sourceTree = "<group>";
		};
		C474F9B12AAA6133001E0599 /* Utils */ = {
			isa = PBXGroup;
			children = (
				C4A7FF3D2AADB6DA00FFF1B2 /* PropertyIterator.swift */,
			);
			path = Utils;
			sourceTree = "<group>";
		};
		C474F9B22AAA615F001E0599 /* StateController */ = {
			isa = PBXGroup;
			children = (
				C4264B232AACDFFF005E80C2 /* StateController.swift */,
			);
			path = StateController;
			sourceTree = "<group>";
		};
		C474F9B32AAA617C001E0599 /* Localize */ = {
			isa = PBXGroup;
			children = (
				C47BBFE92AB2429500BAFE08 /* AppLocalized.swift */,
			);
			path = Localize;
			sourceTree = "<group>";
		};
		C474F9B42AAA61D2001E0599 /* Coordinator */ = {
			isa = PBXGroup;
			children = (
				C48D449C2AAB9D9D00C5E13A /* AppCoordinator */,
				C474F9B62AAA6203001E0599 /* CoordinatorScreans */,
				C474F9B52AAA61EC001E0599 /* Utils */,
			);
			path = Coordinator;
			sourceTree = "<group>";
		};
		C474F9B52AAA61EC001E0599 /* Utils */ = {
			isa = PBXGroup;
			children = (
			);
			path = Utils;
			sourceTree = "<group>";
		};
		C474F9B62AAA6203001E0599 /* CoordinatorScreans */ = {
			isa = PBXGroup;
			children = (
				C470CAD52AAC8F8800C9BCC1 /* HomeCoordinator.swift */,
			);
			path = CoordinatorScreans;
			sourceTree = "<group>";
		};
		C474F9B72AAA6221001E0599 /* Factories */ = {
			isa = PBXGroup;
			children = (
				C48D449F2AAB9E2200C5E13A /* AppFactory.swift */,
				C470CAD72AAC8FFA00C9BCC1 /* HomeFactory.swift */,
			);
			path = Factories;
			sourceTree = "<group>";
		};
		C474F9B82AAA623E001E0599 /* DIContainer */ = {
			isa = PBXGroup;
			children = (
			);
			path = DIContainer;
			sourceTree = "<group>";
		};
		C474F9B92AAA628F001E0599 /* HomeMenu */ = {
			isa = PBXGroup;
			children = (
				C470CAE22AACDAE700C9BCC1 /* Domain */,
				C470CAE12AACDAD800C9BCC1 /* Data */,
				C470CAE02AACDAAD00C9BCC1 /* Presentation */,
			);
			path = HomeMenu;
			sourceTree = "<group>";
		};
		C474F9BA2AAA629A001E0599 /* Characters */ = {
			isa = PBXGroup;
			children = (
			);
			path = Characters;
			sourceTree = "<group>";
		};
		C474F9BB2AAA62AB001E0599 /* CharacterDetail */ = {
			isa = PBXGroup;
			children = (
			);
			path = CharacterDetail;
			sourceTree = "<group>";
		};
		C474F9BC2AAA62BF001E0599 /* Location */ = {
			isa = PBXGroup;
			children = (
			);
			path = Location;
			sourceTree = "<group>";
		};
		C474F9BD2AAA62CB001E0599 /* Episodes */ = {
			isa = PBXGroup;
			children = (
			);
			path = Episodes;
			sourceTree = "<group>";
		};
		C474F9BE2AAA62D8001E0599 /* Origin */ = {
			isa = PBXGroup;
			children = (
			);
			path = Origin;
			sourceTree = "<group>";
		};
		C474F9BF2AAA62E6001E0599 /* LocationDetail */ = {
			isa = PBXGroup;
			children = (
			);
			path = LocationDetail;
			sourceTree = "<group>";
		};
		C474F9C02AAA62FF001E0599 /* LaunchScreen */ = {
			isa = PBXGroup;
			children = (
				C4CC4C732A953F1900E705E4 /* LaunchScreen.storyboard */,
			);
			path = LaunchScreen;
			sourceTree = "<group>";
		};
		C474F9C32AAA63C4001E0599 /* System */ = {
			isa = PBXGroup;
			children = (
				C4CC4C682A953F1700E705E4 /* AppDelegate.swift */,
				C4CC4C6A2A953F1700E705E4 /* SceneDelegate.swift */,
			);
			path = System;
			sourceTree = "<group>";
		};
		C48D449C2AAB9D9D00C5E13A /* AppCoordinator */ = {
			isa = PBXGroup;
			children = (
				C48D449A2AAB9D4700C5E13A /* Coordinator.swift */,
				C48D449D2AAB9DC100C5E13A /* AppCoordinator.swift */,
			);
			path = AppCoordinator;
			sourceTree = "<group>";
		};
		C4A7FF2A2AADAC2600FFF1B2 /* ApiService */ = {
			isa = PBXGroup;
			children = (
				C4A7FF2B2AADAC4300FFF1B2 /* ApiClientService */,
			);
			path = ApiService;
			sourceTree = "<group>";
		};
		C4A7FF2B2AADAC4300FFF1B2 /* ApiClientService */ = {
			isa = PBXGroup;
			children = (
				C4A7FF2C2AADAC6200FFF1B2 /* ApiClientService.swift */,
			);
			path = ApiClientService;
			sourceTree = "<group>";
		};
		C4A7FF2E2AADACD000FFF1B2 /* Implementations */ = {
			isa = PBXGroup;
			children = (
				C4A7FF2F2AADACF500FFF1B2 /* ApiClineServiceImp.swift */,
			);
			path = Implementations;
			sourceTree = "<group>";
		};
		C4A7FF312AADADAF00FFF1B2 /* Errors */ = {
			isa = PBXGroup;
			children = (
				C4A7FF322AADADD200FFF1B2 /* ApiError.swift */,
			);
			path = Errors;
			sourceTree = "<group>";
		};
		C4A7FF342AADB1D000FFF1B2 /* StatusResponse */ = {
			isa = PBXGroup;
			children = (
				C4A7FF362AADB24800FFF1B2 /* HttpResponseStatus.swift */,
			);
			path = StatusResponse;
			sourceTree = "<group>";
		};
		C4A7FF382AADB56800FFF1B2 /* DTO */ = {
			isa = PBXGroup;
			children = (
				C4A7FF392AADB58300FFF1B2 /* MenuDTO.swift */,
				C4A7FF3B2AADB64F00FFF1B2 /* MenuDTO+Mapper.swift */,
			);
			path = DTO;
			sourceTree = "<group>";
		};
		C4A7FF412AAE080600FFF1B2 /* Components */ = {
			isa = PBXGroup;
			children = (
				C4A7FF422AAE083D00FFF1B2 /* SpinnerDisplayable.swift */,
				C4A7FF472AAE169E00FFF1B2 /* MessageDisplayable.swift */,
			);
			path = Components;
			sourceTree = "<group>";
		};
		C4CC4C5C2A953F1700E705E4 = {
			isa = PBXGroup;
			children = (
				C4CC4C672A953F1700E705E4 /* RickAndMorty */,
				C4CC4C662A953F1700E705E4 /* Products */,
			);
			sourceTree = "<group>";
		};
		C4CC4C662A953F1700E705E4 /* Products */ = {
			isa = PBXGroup;
			children = (
				C4CC4C652A953F1700E705E4 /* RickAndMorty.app */,
			);
			name = Products;
			sourceTree = "<group>";
		};
		C4CC4C672A953F1700E705E4 /* RickAndMorty */ = {
			isa = PBXGroup;
			children = (
				C474F9962AAA53A9001E0599 /* App */,
				C4CC4C762A953F1900E705E4 /* Info.plist */,
			);
			path = RickAndMorty;
			sourceTree = "<group>";
		};
/* End PBXGroup section */

/* Begin PBXNativeTarget section */
		C4CC4C642A953F1700E705E4 /* RickAndMorty */ = {
			isa = PBXNativeTarget;
			buildConfigurationList = C4CC4C792A953F1900E705E4 /* Build configuration list for PBXNativeTarget "RickAndMorty" */;
			buildPhases = (
				C4CC4C612A953F1700E705E4 /* Sources */,
				C4CC4C622A953F1700E705E4 /* Frameworks */,
				C4CC4C632A953F1700E705E4 /* Resources */,
			);
			buildRules = (
			);
			dependencies = (
			);
			name = RickAndMorty;
			productName = RickAndMorty;
			productReference = C4CC4C652A953F1700E705E4 /* RickAndMorty.app */;
			productType = "com.apple.product-type.application";
		};
/* End PBXNativeTarget section */

/* Begin PBXProject section */
		C4CC4C5D2A953F1700E705E4 /* Project object */ = {
			isa = PBXProject;
			attributes = {
				BuildIndependentTargetsInParallel = 1;
				LastSwiftUpdateCheck = 1410;
				LastUpgradeCheck = 1410;
				TargetAttributes = {
					C4CC4C642A953F1700E705E4 = {
						CreatedOnToolsVersion = 14.1;
					};
				};
			};
			buildConfigurationList = C4CC4C602A953F1700E705E4 /* Build configuration list for PBXProject "RickAndMorty" */;
			compatibilityVersion = "Xcode 14.0";
			developmentRegion = en;
			hasScannedForEncodings = 0;
			knownRegions = (
				en,
				Base,
			);
			mainGroup = C4CC4C5C2A953F1700E705E4;
			productRefGroup = C4CC4C662A953F1700E705E4 /* Products */;
			projectDirPath = "";
			projectRoot = "";
			targets = (
				C4CC4C642A953F1700E705E4 /* RickAndMorty */,
			);
		};
/* End PBXProject section */

/* Begin PBXResourcesBuildPhase section */
		C4CC4C632A953F1700E705E4 /* Resources */ = {
			isa = PBXResourcesBuildPhase;
			buildActionMask = 2147483647;
			files = (
				C4CC4C752A953F1900E705E4 /* LaunchScreen.storyboard in Resources */,
				C4CC4C722A953F1900E705E4 /* Assets.xcassets in Resources */,
			);
			runOnlyForDeploymentPostprocessing = 0;
		};
/* End PBXResourcesBuildPhase section */

/* Begin PBXSourcesBuildPhase section */
		C4CC4C612A953F1700E705E4 /* Sources */ = {
			isa = PBXSourcesBuildPhase;
			buildActionMask = 2147483647;
			files = (
				C48D449B2AAB9D4700C5E13A /* Coordinator.swift in Sources */,
				C4264B242AACDFFF005E80C2 /* StateController.swift in Sources */,
				C4A7FF372AADB24800FFF1B2 /* HttpResponseStatus.swift in Sources */,
				C4264B262AACE10B005E80C2 /* ItemHomeMenuViewModel.swift in Sources */,
				C470CAD62AAC8F8800C9BCC1 /* HomeCoordinator.swift in Sources */,
				C470CAE52AACDB4800C9BCC1 /* MenuRepository.swift in Sources */,
				C48D449E2AAB9DC100C5E13A /* AppCoordinator.swift in Sources */,
				C4A7FF3E2AADB6DA00FFF1B2 /* PropertyIterator.swift in Sources */,
				C470CAD82AAC8FFA00C9BCC1 /* HomeFactory.swift in Sources */,
				C470CADF2AACB57900C9BCC1 /* UICollectionView+Extension.swift in Sources */,
				C470CAEE2AACDD5000C9BCC1 /* LoadMenuUseCase.swift in Sources */,
				C470CADA2AACB0AC00C9BCC1 /* ItemHomeMenuCell.swift in Sources */,
				C4264B222AACDF7D005E80C2 /* HomeMenuViewModel.swift in Sources */,
				C470CADD2AACB1C800C9BCC1 /* UIView+Constraints.swift in Sources */,
				C4A7FF462AAE125500FFF1B2 /* ViewValues.swift in Sources */,
				C470CAE82AACDC1D00C9BCC1 /* MenuItem.swift in Sources */,
				C470CAEB2AACDCE600C9BCC1 /* MenuRepositoryImp.swift in Sources */,
				C48D44A02AAB9E2200C5E13A /* AppFactory.swift in Sources */,
				C4CC4C692A953F1700E705E4 /* AppDelegate.swift in Sources */,
				C47BBFEC2AB2462D00BAFE08 /* Images.swift in Sources */,
				C4CC4C6B2A953F1700E705E4 /* SceneDelegate.swift in Sources */,
				C474F9C22AAA6388001E0599 /* HomeMenuViewController.swift in Sources */,
				C47BBFEA2AB2429500BAFE08 /* AppLocalized.swift in Sources */,
				C4A7FF3A2AADB58300FFF1B2 /* MenuDTO.swift in Sources */,
				C4A7FF302AADACF500FFF1B2 /* ApiClineServiceImp.swift in Sources */,
				C4A7FF332AADADD200FFF1B2 /* ApiError.swift in Sources */,
				C4A7FF432AAE083D00FFF1B2 /* SpinnerDisplayable.swift in Sources */,
				C4A7FF402AADB9EE00FFF1B2 /* Endpoint.swift in Sources */,
				C4A7FF2D2AADAC6200FFF1B2 /* ApiClientService.swift in Sources */,
				C4A7FF3C2AADB64F00FFF1B2 /* MenuDTO+Mapper.swift in Sources */,
				C4A7FF482AAE169E00FFF1B2 /* MessageDisplayable.swift in Sources */,
			);
			runOnlyForDeploymentPostprocessing = 0;
		};
/* End PBXSourcesBuildPhase section */

/* Begin PBXVariantGroup section */
		C4CC4C732A953F1900E705E4 /* LaunchScreen.storyboard */ = {
			isa = PBXVariantGroup;
			children = (
				C4CC4C742A953F1900E705E4 /* Base */,
			);
			name = LaunchScreen.storyboard;
			sourceTree = "<group>";
		};
/* End PBXVariantGroup section */

/* Begin XCBuildConfiguration section */
		C4CC4C772A953F1900E705E4 /* Debug */ = {
			isa = XCBuildConfiguration;
			buildSettings = {
				ALWAYS_SEARCH_USER_PATHS = NO;
				CLANG_ANALYZER_NONNULL = YES;
				CLANG_ANALYZER_NUMBER_OBJECT_CONVERSION = YES_AGGRESSIVE;
				CLANG_CXX_LANGUAGE_STANDARD = "gnu++20";
				CLANG_ENABLE_MODULES = YES;
				CLANG_ENABLE_OBJC_ARC = YES;
				CLANG_ENABLE_OBJC_WEAK = YES;
				CLANG_WARN_BLOCK_CAPTURE_AUTORELEASING = YES;
				CLANG_WARN_BOOL_CONVERSION = YES;
				CLANG_WARN_COMMA = YES;
				CLANG_WARN_CONSTANT_CONVERSION = YES;
				CLANG_WARN_DEPRECATED_OBJC_IMPLEMENTATIONS = YES;
				CLANG_WARN_DIRECT_OBJC_ISA_USAGE = YES_ERROR;
				CLANG_WARN_DOCUMENTATION_COMMENTS = YES;
				CLANG_WARN_EMPTY_BODY = YES;
				CLANG_WARN_ENUM_CONVERSION = YES;
				CLANG_WARN_INFINITE_RECURSION = YES;
				CLANG_WARN_INT_CONVERSION = YES;
				CLANG_WARN_NON_LITERAL_NULL_CONVERSION = YES;
				CLANG_WARN_OBJC_IMPLICIT_RETAIN_SELF = YES;
				CLANG_WARN_OBJC_LITERAL_CONVERSION = YES;
				CLANG_WARN_OBJC_ROOT_CLASS = YES_ERROR;
				CLANG_WARN_QUOTED_INCLUDE_IN_FRAMEWORK_HEADER = YES;
				CLANG_WARN_RANGE_LOOP_ANALYSIS = YES;
				CLANG_WARN_STRICT_PROTOTYPES = YES;
				CLANG_WARN_SUSPICIOUS_MOVE = YES;
				CLANG_WARN_UNGUARDED_AVAILABILITY = YES_AGGRESSIVE;
				CLANG_WARN_UNREACHABLE_CODE = YES;
				CLANG_WARN__DUPLICATE_METHOD_MATCH = YES;
				COPY_PHASE_STRIP = NO;
				DEBUG_INFORMATION_FORMAT = dwarf;
				ENABLE_STRICT_OBJC_MSGSEND = YES;
				ENABLE_TESTABILITY = YES;
				GCC_C_LANGUAGE_STANDARD = gnu11;
				GCC_DYNAMIC_NO_PIC = NO;
				GCC_NO_COMMON_BLOCKS = YES;
				GCC_OPTIMIZATION_LEVEL = 0;
				GCC_PREPROCESSOR_DEFINITIONS = (
					"DEBUG=1",
					"$(inherited)",
				);
				GCC_WARN_64_TO_32_BIT_CONVERSION = YES;
				GCC_WARN_ABOUT_RETURN_TYPE = YES_ERROR;
				GCC_WARN_UNDECLARED_SELECTOR = YES;
				GCC_WARN_UNINITIALIZED_AUTOS = YES_AGGRESSIVE;
				GCC_WARN_UNUSED_FUNCTION = YES;
				GCC_WARN_UNUSED_VARIABLE = YES;
				IPHONEOS_DEPLOYMENT_TARGET = 13.0;
				MTL_ENABLE_DEBUG_INFO = INCLUDE_SOURCE;
				MTL_FAST_MATH = YES;
				ONLY_ACTIVE_ARCH = YES;
				SDKROOT = iphoneos;
				SWIFT_ACTIVE_COMPILATION_CONDITIONS = DEBUG;
				SWIFT_OPTIMIZATION_LEVEL = "-Onone";
			};
			name = Debug;
		};
		C4CC4C782A953F1900E705E4 /* Release */ = {
			isa = XCBuildConfiguration;
			buildSettings = {
				ALWAYS_SEARCH_USER_PATHS = NO;
				CLANG_ANALYZER_NONNULL = YES;
				CLANG_ANALYZER_NUMBER_OBJECT_CONVERSION = YES_AGGRESSIVE;
				CLANG_CXX_LANGUAGE_STANDARD = "gnu++20";
				CLANG_ENABLE_MODULES = YES;
				CLANG_ENABLE_OBJC_ARC = YES;
				CLANG_ENABLE_OBJC_WEAK = YES;
				CLANG_WARN_BLOCK_CAPTURE_AUTORELEASING = YES;
				CLANG_WARN_BOOL_CONVERSION = YES;
				CLANG_WARN_COMMA = YES;
				CLANG_WARN_CONSTANT_CONVERSION = YES;
				CLANG_WARN_DEPRECATED_OBJC_IMPLEMENTATIONS = YES;
				CLANG_WARN_DIRECT_OBJC_ISA_USAGE = YES_ERROR;
				CLANG_WARN_DOCUMENTATION_COMMENTS = YES;
				CLANG_WARN_EMPTY_BODY = YES;
				CLANG_WARN_ENUM_CONVERSION = YES;
				CLANG_WARN_INFINITE_RECURSION = YES;
				CLANG_WARN_INT_CONVERSION = YES;
				CLANG_WARN_NON_LITERAL_NULL_CONVERSION = YES;
				CLANG_WARN_OBJC_IMPLICIT_RETAIN_SELF = YES;
				CLANG_WARN_OBJC_LITERAL_CONVERSION = YES;
				CLANG_WARN_OBJC_ROOT_CLASS = YES_ERROR;
				CLANG_WARN_QUOTED_INCLUDE_IN_FRAMEWORK_HEADER = YES;
				CLANG_WARN_RANGE_LOOP_ANALYSIS = YES;
				CLANG_WARN_STRICT_PROTOTYPES = YES;
				CLANG_WARN_SUSPICIOUS_MOVE = YES;
				CLANG_WARN_UNGUARDED_AVAILABILITY = YES_AGGRESSIVE;
				CLANG_WARN_UNREACHABLE_CODE = YES;
				CLANG_WARN__DUPLICATE_METHOD_MATCH = YES;
				COPY_PHASE_STRIP = NO;
				DEBUG_INFORMATION_FORMAT = "dwarf-with-dsym";
				ENABLE_NS_ASSERTIONS = NO;
				ENABLE_STRICT_OBJC_MSGSEND = YES;
				GCC_C_LANGUAGE_STANDARD = gnu11;
				GCC_NO_COMMON_BLOCKS = YES;
				GCC_WARN_64_TO_32_BIT_CONVERSION = YES;
				GCC_WARN_ABOUT_RETURN_TYPE = YES_ERROR;
				GCC_WARN_UNDECLARED_SELECTOR = YES;
				GCC_WARN_UNINITIALIZED_AUTOS = YES_AGGRESSIVE;
				GCC_WARN_UNUSED_FUNCTION = YES;
				GCC_WARN_UNUSED_VARIABLE = YES;
				IPHONEOS_DEPLOYMENT_TARGET = 13.0;
				MTL_ENABLE_DEBUG_INFO = NO;
				MTL_FAST_MATH = YES;
				SDKROOT = iphoneos;
				SWIFT_COMPILATION_MODE = wholemodule;
				SWIFT_OPTIMIZATION_LEVEL = "-O";
				VALIDATE_PRODUCT = YES;
			};
			name = Release;
		};
		C4CC4C7A2A953F1900E705E4 /* Debug */ = {
			isa = XCBuildConfiguration;
			buildSettings = {
				ASSETCATALOG_COMPILER_APPICON_NAME = AppIcon;
				ASSETCATALOG_COMPILER_GLOBAL_ACCENT_COLOR_NAME = AccentColor;
				CODE_SIGN_STYLE = Automatic;
				CURRENT_PROJECT_VERSION = 1;
				DEVELOPMENT_TEAM = 7FWE3GPY5W;
				GENERATE_INFOPLIST_FILE = YES;
				INFOPLIST_FILE = RickAndMorty/Info.plist;
				INFOPLIST_KEY_UIApplicationSupportsIndirectInputEvents = YES;
				INFOPLIST_KEY_UILaunchStoryboardName = LaunchScreen;
				INFOPLIST_KEY_UISupportedInterfaceOrientations = UIInterfaceOrientationPortrait;
				IPHONEOS_DEPLOYMENT_TARGET = 14.0;
				LD_RUNPATH_SEARCH_PATHS = (
					"$(inherited)",
					"@executable_path/Frameworks",
				);
				MARKETING_VERSION = 1.0;
				PRODUCT_BUNDLE_IDENTIFIER = com.Yaroslav.RickAndMorty;
				PRODUCT_NAME = "$(TARGET_NAME)";
				SWIFT_EMIT_LOC_STRINGS = YES;
				SWIFT_VERSION = 5.0;
				TARGETED_DEVICE_FAMILY = "1,2";
			};
			name = Debug;
		};
		C4CC4C7B2A953F1900E705E4 /* Release */ = {
			isa = XCBuildConfiguration;
			buildSettings = {
				ASSETCATALOG_COMPILER_APPICON_NAME = AppIcon;
				ASSETCATALOG_COMPILER_GLOBAL_ACCENT_COLOR_NAME = AccentColor;
				CODE_SIGN_STYLE = Automatic;
				CURRENT_PROJECT_VERSION = 1;
				DEVELOPMENT_TEAM = 7FWE3GPY5W;
				GENERATE_INFOPLIST_FILE = YES;
				INFOPLIST_FILE = RickAndMorty/Info.plist;
				INFOPLIST_KEY_UIApplicationSupportsIndirectInputEvents = YES;
				INFOPLIST_KEY_UILaunchStoryboardName = LaunchScreen;
				INFOPLIST_KEY_UISupportedInterfaceOrientations = UIInterfaceOrientationPortrait;
				IPHONEOS_DEPLOYMENT_TARGET = 14.0;
				LD_RUNPATH_SEARCH_PATHS = (
					"$(inherited)",
					"@executable_path/Frameworks",
				);
				MARKETING_VERSION = 1.0;
				PRODUCT_BUNDLE_IDENTIFIER = com.Yaroslav.RickAndMorty;
				PRODUCT_NAME = "$(TARGET_NAME)";
				SWIFT_EMIT_LOC_STRINGS = YES;
				SWIFT_VERSION = 5.0;
				TARGETED_DEVICE_FAMILY = "1,2";
			};
			name = Release;
		};
/* End XCBuildConfiguration section */

/* Begin XCConfigurationList section */
		C4CC4C602A953F1700E705E4 /* Build configuration list for PBXProject "RickAndMorty" */ = {
			isa = XCConfigurationList;
			buildConfigurations = (
				C4CC4C772A953F1900E705E4 /* Debug */,
				C4CC4C782A953F1900E705E4 /* Release */,
			);
			defaultConfigurationIsVisible = 0;
			defaultConfigurationName = Release;
		};
		C4CC4C792A953F1900E705E4 /* Build configuration list for PBXNativeTarget "RickAndMorty" */ = {
			isa = XCConfigurationList;
			buildConfigurations = (
				C4CC4C7A2A953F1900E705E4 /* Debug */,
				C4CC4C7B2A953F1900E705E4 /* Release */,
			);
			defaultConfigurationIsVisible = 0;
			defaultConfigurationName = Release;
		};
/* End XCConfigurationList section */
	};
	rootObject = C4CC4C5D2A953F1700E705E4 /* Project object */;
}
